
Microsoft Visual Studio Solution File, Format Version 12.00
# Visual Studio Version 17
VisualStudioVersion = 17.4.33403.182
MinimumVisualStudioVersion = 10.0.40219.1
Project("{9A19103F-16F7-4668-BE54-9A1E7A4F7556}") = "Configuration.API", "src\Configuration.Api\Configuration.API.csproj", "{3F88B6F2-331D-47FB-BE64-5AB0150FBF1E}"
EndProject
Project("{2150E333-8FDC-42A3-9474-1A3956D46DE8}") = "Tests", "Tests", "{7B88F192-3CF0-4CEA-BF47-3AA1DC1C0736}"
EndProject
Project("{9A19103F-16F7-4668-BE54-9A1E7A4F7556}") = "Configuration.ApplicationServices", "src\Configuration.ApplicationServices\Configuration.ApplicationServices.csproj", "{B1FEA7E9-C697-41FB-96F0-415677DE481E}"
EndProject
Project("{2150E333-8FDC-42A3-9474-1A3956D46DE8}") = "Solution Items", "Solution Items", "{FC0F0C35-9864-4DD6-9210-6CBC61C949D9}"
	ProjectSection(SolutionItems) = preProject
		NuGet.config = NuGet.config
	EndProjectSection
EndProject
Project("{2150E333-8FDC-42A3-9474-1A3956D46DE8}") = "Enterprise", "Enterprise", "{E2239087-AC19-4FCA-82C4-33D60753D688}"
EndProject
Project("{9A19103F-16F7-4668-BE54-9A1E7A4F7556}") = "Configuration.API.Client", "src\Configuration.API.Client\Configuration.API.Client.csproj", "{19A449B2-57F4-438D-A76C-0BD95CC0895E}"
EndProject
Project("{9A19103F-16F7-4668-BE54-9A1E7A4F7556}") = "Configuration.EntityFramework", "src\Configuration.EntityFramework\Configuration.EntityFramework.csproj", "{8EC694AE-9897-43A6-BB35-5BCDF6631AD6}"
EndProject
Project("{9A19103F-16F7-4668-BE54-9A1E7A4F7556}") = "Enterprise.ApplicationServices", "src\Enterprise.ApplicationServices\Enterprise.ApplicationServices.csproj", "{23B7B30F-31DA-4477-94BB-0D1E3B9F0CDB}"
EndProject
Project("{9A19103F-16F7-4668-BE54-9A1E7A4F7556}") = "Enterprise.Events", "src\Enterprise.Events\Enterprise.Events.csproj", "{B0CCF8C0-5551-4BC0-9A8D-3BE7CFADDAAC}"
EndProject
Project("{9A19103F-16F7-4668-BE54-9A1E7A4F7556}") = "Enterprise.Reflection", "src\Enterprise.Reflection\Enterprise.Reflection.csproj", "{B1F37095-32B7-4347-A9C1-94E01FB8A90B}"
EndProject
Project("{9A19103F-16F7-4668-BE54-9A1E7A4F7556}") = "Configuration.AutoMapper", "src\Configuration.AutoMapper\Configuration.AutoMapper.csproj", "{453850B7-B6FA-4A64-ABC5-466482DA2B7B}"
EndProject
Project("{9A19103F-16F7-4668-BE54-9A1E7A4F7556}") = "Configuration.EventHandlers", "src\Configuration.EventHandlers\Configuration.EventHandlers.csproj", "{7BF74B56-96B3-4583-AE0E-FE69D4DC0F11}"
EndProject
Project("{2150E333-8FDC-42A3-9474-1A3956D46DE8}") = "Layers", "Layers", "{C7D526AE-142F-4BC7-A6EF-BB4C2A851B10}"
EndProject
Project("{2150E333-8FDC-42A3-9474-1A3956D46DE8}") = "2. Application Services", "2. Application Services", "{B66734D0-E262-40D7-8444-4EA731D1DE26}"
EndProject
Project("{2150E333-8FDC-42A3-9474-1A3956D46DE8}") = "3. Core", "3. Core", "{557D99F7-74AD-4A5D-A255-0743449E7F46}"
EndProject
Project("{2150E333-8FDC-42A3-9474-1A3956D46DE8}") = "1. Presentation", "1. Presentation", "{7ECEE967-FB92-491A-B443-9A5B0E9AF537}"
EndProject
Project("{2150E333-8FDC-42A3-9474-1A3956D46DE8}") = "4. Infrastructure", "4. Infrastructure", "{0A6831A5-EAD3-48B1-B7CA-08A1041DE065}"
EndProject
Project("{2150E333-8FDC-42A3-9474-1A3956D46DE8}") = "Entity Framework", "Entity Framework", "{E0D4D592-8418-4D5D-93C5-177652366041}"
EndProject
Project("{2150E333-8FDC-42A3-9474-1A3956D46DE8}") = "Auto Mapper", "Auto Mapper", "{54933D0F-2E7C-477F-BA43-88607F136E69}"
EndProject
Project("{9A19103F-16F7-4668-BE54-9A1E7A4F7556}") = "Configuration.ApplicationServices.Commands", "src\Configuration.ApplicationServices.Commands\Configuration.ApplicationServices.Commands.csproj", "{252DA846-C053-4F02-9DF9-50E45FCCA470}"
EndProject
Project("{9A19103F-16F7-4668-BE54-9A1E7A4F7556}") = "Configuration.ApplicationServices.Queries", "src\Configuration.ApplicationServices.Queries\Configuration.ApplicationServices.Queries.csproj", "{8E1671B5-1C73-4CE3-B4B3-231E2B257B63}"
EndProject
Project("{2150E333-8FDC-42A3-9474-1A3956D46DE8}") = "Dependencies", "Dependencies", "{7D3F7DCF-0B50-497F-9442-6611F9126579}"
EndProject
Project("{9A19103F-16F7-4668-BE54-9A1E7A4F7556}") = "Configuration.DI.Commands", "src\Configuration.DI.Commands\Configuration.DI.Commands.csproj", "{CB45B047-90D1-4022-85D5-508F72770130}"
EndProject
Project("{9A19103F-16F7-4668-BE54-9A1E7A4F7556}") = "Configuration.DI.Queries", "src\Configuration.DI.Queries\Configuration.DI.Queries.csproj", "{60240893-38F7-4C17-BDA1-F17D2DC1CFFC}"
EndProject
Project("{2150E333-8FDC-42A3-9474-1A3956D46DE8}") = "Enterprise", "Enterprise", "{96F67F26-758A-4B48-9D0A-75A8DC8A7528}"
EndProject
Project("{9A19103F-16F7-4668-BE54-9A1E7A4F7556}") = "Configuration.DI", "src\Configuration.DI\Configuration.DI.csproj", "{006F8ACC-08EF-459F-8843-45477A42BFD8}"
EndProject
Project("{9A19103F-16F7-4668-BE54-9A1E7A4F7556}") = "Enterprise.Security", "src\Enterprise.Security\Enterprise.Security.csproj", "{E2729ED2-96F4-4969-847A-3B1B48D8896F}"
EndProject
Project("{9A19103F-16F7-4668-BE54-9A1E7A4F7556}") = "Configuration.Core.Queries", "src\Configuration.Core.Queries\Configuration.Core.Queries.csproj", "{B6FF17C9-F8FA-4DC2-B087-F504088EED6B}"
EndProject
Project("{9A19103F-16F7-4668-BE54-9A1E7A4F7556}") = "Configuration.EntityFramework.Commands", "src\Configuration.EntityFramework.Commands\Configuration.EntityFramework.Commands.csproj", "{DC0DDBD4-68D4-4764-936D-3BB43BBADEAB}"
EndProject
Project("{9A19103F-16F7-4668-BE54-9A1E7A4F7556}") = "Configuration.EntityFramework.Queries", "src\Configuration.EntityFramework.Queries\Configuration.EntityFramework.Queries.csproj", "{A76E72D0-4323-47BD-9818-4B9B015B5E13}"
EndProject
Project("{9A19103F-16F7-4668-BE54-9A1E7A4F7556}") = "Enterprise.Core.Queries", "src\Enterprise.Core.Queries\Enterprise.Core.Queries.csproj", "{D82AE199-B478-4712-B6CA-1CD5CE3DE54E}"
EndProject
Project("{9A19103F-16F7-4668-BE54-9A1E7A4F7556}") = "Enterprise.API.Client", "src\Enterprise.API.Client\Enterprise.API.Client.csproj", "{72EA48AF-042B-4140-94EF-5BAC7D2C59FE}"
EndProject
Project("{9A19103F-16F7-4668-BE54-9A1E7A4F7556}") = "Enterprise.Sorting", "src\Enterprise.Sorting\Enterprise.Sorting.csproj", "{B634B428-8FCB-45FB-AD00-9D9BE99633D0}"
EndProject
Project("{9A19103F-16F7-4668-BE54-9A1E7A4F7556}") = "Enterprise.Sorting.Dynamic", "src\Enterprise.Sorting.Dynamic\Enterprise.Sorting.Dynamic.csproj", "{A3103018-EF92-497B-BE5B-183D5EE275EB}"
EndProject
Project("{9A19103F-16F7-4668-BE54-9A1E7A4F7556}") = "Enterprise.Mapping", "src\Enterprise.Mapping\Enterprise.Mapping.csproj", "{9746E0FF-E6AD-4A7D-BB1B-F78190263539}"
EndProject
Project("{9A19103F-16F7-4668-BE54-9A1E7A4F7556}") = "Enterprise.Constants", "src\Enterprise.Constants\Enterprise.Constants.csproj", "{754D9CF0-D9E5-4FCE-A333-BC592DC4F0CF}"
EndProject
Project("{9A19103F-16F7-4668-BE54-9A1E7A4F7556}") = "Enterprise.DataShaping", "src\Enterprise.DataShaping\Enterprise.DataShaping.csproj", "{9CDBC1C3-09EF-4CB9-AE96-F46C26DD782C}"
EndProject
Project("{9A19103F-16F7-4668-BE54-9A1E7A4F7556}") = "Enterprise.Library", "src\Enterprise.Library\Enterprise.Library.csproj", "{FBDE4C79-63A8-4934-AA5D-19C7DAFD1D8C}"
EndProject
Project("{9A19103F-16F7-4668-BE54-9A1E7A4F7556}") = "Enterprise.Logging", "src\Enterprise.Logging\Enterprise.Logging.csproj", "{FE336462-56E5-4070-B236-404FFFC61CC6}"
EndProject
Project("{9A19103F-16F7-4668-BE54-9A1E7A4F7556}") = "Enterprise.API", "src\Enterprise.API\Enterprise.API.csproj", "{B5CA9C76-A21A-42CB-8C12-AE3D2673AF61}"
EndProject
Project("{9A19103F-16F7-4668-BE54-9A1E7A4F7556}") = "Enterprise.RegularExpressions", "src\Enterprise.RegularExpressions\Enterprise.RegularExpressions.csproj", "{F79C256E-27CB-41BA-8E02-A4D2F8998554}"
EndProject
Project("{9A19103F-16F7-4668-BE54-9A1E7A4F7556}") = "Enterprise.Monitoring", "src\Enterprise.Monitoring\Enterprise.Monitoring.csproj", "{EDAA7CAD-B451-4D1E-8E35-996409857C6F}"
EndProject
Project("{9A19103F-16F7-4668-BE54-9A1E7A4F7556}") = "Enterprise.Traceability", "src\Enterprise.Traceability\Enterprise.Traceability.csproj", "{77B561F2-9D57-4EE3-AD9B-0EC708C900F2}"
EndProject
Project("{9A19103F-16F7-4668-BE54-9A1E7A4F7556}") = "Enterprise.Middleware", "src\Enterprise.Middleware\Enterprise.Middleware.csproj", "{8A867272-5023-4079-BD55-DD1E3FE91261}"
EndProject
Project("{9A19103F-16F7-4668-BE54-9A1E7A4F7556}") = "Enterprise.Sqlite", "src\Enterprise.Sqlite\Enterprise.Sqlite.csproj", "{1B83383A-A46F-42BC-8F3B-0D3197C74D4D}"
EndProject
Project("{9A19103F-16F7-4668-BE54-9A1E7A4F7556}") = "Enterprise.Testing", "src\Enterprise.Testing\Enterprise.Testing.csproj", "{5A175245-4F56-42FC-9C1F-39BE719D7985}"
EndProject
Project("{9A19103F-16F7-4668-BE54-9A1E7A4F7556}") = "Enterprise.EntityFramework", "src\Enterprise.EntityFramework\Enterprise.EntityFramework.csproj", "{0BA3AC04-8236-460D-A8F5-AEA3CF9AED2B}"
EndProject
Project("{9A19103F-16F7-4668-BE54-9A1E7A4F7556}") = "Enterprise.TextEncoding", "src\Enterprise.TextEncoding\Enterprise.TextEncoding.csproj", "{14CB6EA9-A0A7-443E-8741-FF2072A9F9B8}"
EndProject
Project("{2150E333-8FDC-42A3-9474-1A3956D46DE8}") = "Providers", "Providers", "{ACC31583-A340-476A-AC11-E8F0323487D3}"
EndProject
Project("{9A19103F-16F7-4668-BE54-9A1E7A4F7556}") = "Configuration.EntityFramework.Sqlite", "src\Configuration.EntityFramework.Sqlite\Configuration.EntityFramework.Sqlite.csproj", "{D61726CB-9520-4151-9C76-32073A011A9A}"
EndProject
Project("{9A19103F-16F7-4668-BE54-9A1E7A4F7556}") = "Configuration.EntityFramework.SqlServer", "src\Configuration.EntityFramework.SqlServer\Configuration.EntityFramework.SqlServer.csproj", "{9E30078A-7A8F-4C2A-8C5A-64CEC26A88AE}"
EndProject
Project("{9A19103F-16F7-4668-BE54-9A1E7A4F7556}") = "Enterprise.Security.Authorization", "src\Enterprise.Security.Authorization\Enterprise.Security.Authorization.csproj", "{1D5CE9CD-27F8-4478-A3E0-4E994D4E03E0}"
EndProject
Project("{9A19103F-16F7-4668-BE54-9A1E7A4F7556}") = "Enterprise.Hosting", "src\Enterprise.Hosting\Enterprise.Hosting.csproj", "{DC837BDC-1B3F-481A-830F-E0FC6D450B33}"
EndProject
Project("{9A19103F-16F7-4668-BE54-9A1E7A4F7556}") = "Enterprise.Applications.DotNet", "src\Enterprise.Applications.DotNet\Enterprise.Applications.DotNet.csproj", "{FBC88734-7BFA-4749-9A7F-76A4562CF87A}"
EndProject
Project("{9A19103F-16F7-4668-BE54-9A1E7A4F7556}") = "Enterprise.DI.DotNet", "src\Enterprise.DI.DotNet\Enterprise.DI.DotNet.csproj", "{F01A8E2B-8316-4277-BA93-650BFFF7BAC6}"
EndProject
Project("{2150E333-8FDC-42A3-9474-1A3956D46DE8}") = "Dapper", "Dapper", "{3BC1A458-02E0-49AA-947A-F927588A36DA}"
EndProject
Project("{9A19103F-16F7-4668-BE54-9A1E7A4F7556}") = "Configuration.Dapper.Commands", "src\Configuration.Dapper.Commands\Configuration.Dapper.Commands.csproj", "{94980C2A-F34C-4499-97DC-42D72272DE97}"
EndProject
Project("{9A19103F-16F7-4668-BE54-9A1E7A4F7556}") = "Configuration.Dapper.Queries", "src\Configuration.Dapper.Queries\Configuration.Dapper.Queries.csproj", "{CDEB9272-566B-4B42-B10F-19CC5821C903}"
EndProject
Project("{9A19103F-16F7-4668-BE54-9A1E7A4F7556}") = "Configuration.Dapper", "src\Configuration.Dapper\Configuration.Dapper.csproj", "{0510E5DB-2138-41B2-8FC4-19A717EDA07F}"
EndProject
Project("{9A19103F-16F7-4668-BE54-9A1E7A4F7556}") = "Enterprise.Dapper", "src\Enterprise.Dapper\Enterprise.Dapper.csproj", "{C6724D50-91CC-4D26-B49F-74356C5DDC7E}"
EndProject
Project("{9A19103F-16F7-4668-BE54-9A1E7A4F7556}") = "Enterprise.API.Tests", "tests\Enterprise.API.Tests\Enterprise.API.Tests.csproj", "{98CDEC29-C834-43DB-98C5-AB4229CFF6CF}"
EndProject
Project("{9A19103F-16F7-4668-BE54-9A1E7A4F7556}") = "Enterprise.Security.Tests", "tests\Enterprise.Security.Tests\Enterprise.Security.Tests.csproj", "{50D21343-B623-4CAD-815A-9B8A6C4297BD}"
EndProject
Project("{9A19103F-16F7-4668-BE54-9A1E7A4F7556}") = "Configuration.API.Tests", "tests\Configuration.API.Tests\Configuration.API.Tests.csproj", "{11DDCB58-F1EE-410A-8C9F-FD25650C95CD}"
EndProject
Project("{9A19103F-16F7-4668-BE54-9A1E7A4F7556}") = "Configuration.EntityFramework.Tests", "tests\Configuration.EntityFramework.Tests\Configuration.EntityFramework.Tests.csproj", "{546EB3DE-F9F2-4CF2-8592-8C8620508D39}"
EndProject
Project("{9A19103F-16F7-4668-BE54-9A1E7A4F7556}") = "Enterprise.DomainDrivenDesign", "src\Enterprise.DomainDrivenDesign\Enterprise.DomainDrivenDesign.csproj", "{991D878D-D231-4750-B7CF-CEE021735D5E}"
EndProject
Project("{9A19103F-16F7-4668-BE54-9A1E7A4F7556}") = "Enterprise.Core", "src\Enterprise.Core\Enterprise.Core.csproj", "{8300FC7D-2CE1-4D09-A8FE-06C74F12E8B4}"
EndProject
Project("{9A19103F-16F7-4668-BE54-9A1E7A4F7556}") = "Enterprise.MediatR", "src\Enterprise.MediatR\Enterprise.MediatR.csproj", "{A2BADDAB-7F10-4533-A215-EDCE3B10B656}"
EndProject
Project("{9A19103F-16F7-4668-BE54-9A1E7A4F7556}") = "Enterprise.DesignPatterns", "src\Enterprise.DesignPatterns\Enterprise.DesignPatterns.csproj", "{7A630F7B-2F8E-41B4-8E1F-E16398AE16CB}"
EndProject
Project("{9A19103F-16F7-4668-BE54-9A1E7A4F7556}") = "Configuration.Domain", "src\Configuration.Domain\Configuration.Domain.csproj", "{29890350-06A8-480C-9EAA-986BB4E4DB2A}"
EndProject
Project("{9A19103F-16F7-4668-BE54-9A1E7A4F7556}") = "Configuration.Domain.Tests", "tests\Configuration.Domain.Tests\Configuration.Domain.Tests.csproj", "{75A1445F-25A3-459D-9030-0FE19C66393C}"
EndProject
Project("{9A19103F-16F7-4668-BE54-9A1E7A4F7556}") = "Enterprise.Domain", "src\Enterprise.Domain\Enterprise.Domain.csproj", "{F1DDEA52-ED11-497E-AEE8-869E5959DDA3}"
EndProject
Project("{9A19103F-16F7-4668-BE54-9A1E7A4F7556}") = "Enterprise.Calculations", "src\Enterprise.Calculations\Enterprise.Calculations.csproj", "{32D50483-E014-4926-84C7-5A95DADD3C6E}"
EndProject
Project("{9A19103F-16F7-4668-BE54-9A1E7A4F7556}") = "Enterprise.DateTimes", "src\Enterprise.DateTimes\Enterprise.DateTimes.csproj", "{C50E9446-2654-45C6-A15D-C2AC3E560B3E}"
EndProject
Project("{9A19103F-16F7-4668-BE54-9A1E7A4F7556}") = "Enterprise.NodaTime", "src\Enterprise.NodaTime\Enterprise.NodaTime.csproj", "{2A0D3013-94F5-425A-B283-61374CF7433A}"
EndProject
Project("{2150E333-8FDC-42A3-9474-1A3956D46DE8}") = "Temporality", "Temporality", "{53476A45-B509-4A36-8742-AB8A10947333}"
EndProject
Project("{9A19103F-16F7-4668-BE54-9A1E7A4F7556}") = "Enterprise.TimeZones", "src\Enterprise.TimeZones\Enterprise.TimeZones.csproj", "{9E8B2EF4-1E75-4735-BD75-2B0EF5DF6FC1}"
EndProject
Project("{2150E333-8FDC-42A3-9474-1A3956D46DE8}") = "Sorting", "Sorting", "{B1984446-F497-4011-B09E-ACD06A171B96}"
EndProject
Project("{2150E333-8FDC-42A3-9474-1A3956D46DE8}") = "Security", "Security", "{4D0EAB21-F2AE-4650-9D6E-284F2143A6EB}"
EndProject
Project("{2150E333-8FDC-42A3-9474-1A3956D46DE8}") = "Domain", "Domain", "{97EC005C-88DC-4510-96E3-EB8E198FD456}"
EndProject
Project("{2150E333-8FDC-42A3-9474-1A3956D46DE8}") = "Applications", "Applications", "{A9470655-87D1-4CA2-8164-17B9E5BD1495}"
EndProject
Project("{2150E333-8FDC-42A3-9474-1A3956D46DE8}") = "Application Services", "Application Services", "{FB735992-6EAC-4C69-897D-AC0861C3C87B}"
EndProject
Project("{2150E333-8FDC-42A3-9474-1A3956D46DE8}") = "Data Access", "Data Access", "{8896447C-7738-4856-B2A3-BD625F927D21}"
EndProject
Project("{9A19103F-16F7-4668-BE54-9A1E7A4F7556}") = "Enterprise.Exceptions", "src\Enterprise.Exceptions\Enterprise.Exceptions.csproj", "{0CE57D80-EDB2-40A6-8FC7-530B42BA9C4C}"
EndProject
Project("{9A19103F-16F7-4668-BE54-9A1E7A4F7556}") = "Enterprise.Logging.NLog", "src\Enterprise.Logging.NLog\Enterprise.Logging.NLog.csproj", "{FC5F7889-0E75-4E1F-B601-66E65690CD4E}"
EndProject
Project("{9A19103F-16F7-4668-BE54-9A1E7A4F7556}") = "Enterprise.Logging.Serilog", "src\Enterprise.Logging.Serilog\Enterprise.Logging.Serilog.csproj", "{6A137183-9D0C-4823-9C88-CC8E2F05EDC5}"
EndProject
Global
	GlobalSection(SolutionConfigurationPlatforms) = preSolution
		Debug|Any CPU = Debug|Any CPU
		Release|Any CPU = Release|Any CPU
	EndGlobalSection
	GlobalSection(ProjectConfigurationPlatforms) = postSolution
		{3F88B6F2-331D-47FB-BE64-5AB0150FBF1E}.Debug|Any CPU.ActiveCfg = Debug|Any CPU
		{3F88B6F2-331D-47FB-BE64-5AB0150FBF1E}.Debug|Any CPU.Build.0 = Debug|Any CPU
		{3F88B6F2-331D-47FB-BE64-5AB0150FBF1E}.Release|Any CPU.ActiveCfg = Release|Any CPU
		{3F88B6F2-331D-47FB-BE64-5AB0150FBF1E}.Release|Any CPU.Build.0 = Release|Any CPU
		{B1FEA7E9-C697-41FB-96F0-415677DE481E}.Debug|Any CPU.ActiveCfg = Debug|Any CPU
		{B1FEA7E9-C697-41FB-96F0-415677DE481E}.Debug|Any CPU.Build.0 = Debug|Any CPU
		{B1FEA7E9-C697-41FB-96F0-415677DE481E}.Release|Any CPU.ActiveCfg = Release|Any CPU
		{B1FEA7E9-C697-41FB-96F0-415677DE481E}.Release|Any CPU.Build.0 = Release|Any CPU
		{19A449B2-57F4-438D-A76C-0BD95CC0895E}.Debug|Any CPU.ActiveCfg = Debug|Any CPU
		{19A449B2-57F4-438D-A76C-0BD95CC0895E}.Debug|Any CPU.Build.0 = Debug|Any CPU
		{19A449B2-57F4-438D-A76C-0BD95CC0895E}.Release|Any CPU.ActiveCfg = Release|Any CPU
		{19A449B2-57F4-438D-A76C-0BD95CC0895E}.Release|Any CPU.Build.0 = Release|Any CPU
		{8EC694AE-9897-43A6-BB35-5BCDF6631AD6}.Debug|Any CPU.ActiveCfg = Debug|Any CPU
		{8EC694AE-9897-43A6-BB35-5BCDF6631AD6}.Debug|Any CPU.Build.0 = Debug|Any CPU
		{8EC694AE-9897-43A6-BB35-5BCDF6631AD6}.Release|Any CPU.ActiveCfg = Release|Any CPU
		{8EC694AE-9897-43A6-BB35-5BCDF6631AD6}.Release|Any CPU.Build.0 = Release|Any CPU
		{23B7B30F-31DA-4477-94BB-0D1E3B9F0CDB}.Debug|Any CPU.ActiveCfg = Debug|Any CPU
		{23B7B30F-31DA-4477-94BB-0D1E3B9F0CDB}.Debug|Any CPU.Build.0 = Debug|Any CPU
		{23B7B30F-31DA-4477-94BB-0D1E3B9F0CDB}.Release|Any CPU.ActiveCfg = Release|Any CPU
		{23B7B30F-31DA-4477-94BB-0D1E3B9F0CDB}.Release|Any CPU.Build.0 = Release|Any CPU
		{B0CCF8C0-5551-4BC0-9A8D-3BE7CFADDAAC}.Debug|Any CPU.ActiveCfg = Debug|Any CPU
		{B0CCF8C0-5551-4BC0-9A8D-3BE7CFADDAAC}.Debug|Any CPU.Build.0 = Debug|Any CPU
		{B0CCF8C0-5551-4BC0-9A8D-3BE7CFADDAAC}.Release|Any CPU.ActiveCfg = Release|Any CPU
		{B0CCF8C0-5551-4BC0-9A8D-3BE7CFADDAAC}.Release|Any CPU.Build.0 = Release|Any CPU
		{B1F37095-32B7-4347-A9C1-94E01FB8A90B}.Debug|Any CPU.ActiveCfg = Debug|Any CPU
		{B1F37095-32B7-4347-A9C1-94E01FB8A90B}.Debug|Any CPU.Build.0 = Debug|Any CPU
		{B1F37095-32B7-4347-A9C1-94E01FB8A90B}.Release|Any CPU.ActiveCfg = Release|Any CPU
		{B1F37095-32B7-4347-A9C1-94E01FB8A90B}.Release|Any CPU.Build.0 = Release|Any CPU
		{453850B7-B6FA-4A64-ABC5-466482DA2B7B}.Debug|Any CPU.ActiveCfg = Debug|Any CPU
		{453850B7-B6FA-4A64-ABC5-466482DA2B7B}.Debug|Any CPU.Build.0 = Debug|Any CPU
		{453850B7-B6FA-4A64-ABC5-466482DA2B7B}.Release|Any CPU.ActiveCfg = Release|Any CPU
		{453850B7-B6FA-4A64-ABC5-466482DA2B7B}.Release|Any CPU.Build.0 = Release|Any CPU
		{7BF74B56-96B3-4583-AE0E-FE69D4DC0F11}.Debug|Any CPU.ActiveCfg = Debug|Any CPU
		{7BF74B56-96B3-4583-AE0E-FE69D4DC0F11}.Debug|Any CPU.Build.0 = Debug|Any CPU
		{7BF74B56-96B3-4583-AE0E-FE69D4DC0F11}.Release|Any CPU.ActiveCfg = Release|Any CPU
		{7BF74B56-96B3-4583-AE0E-FE69D4DC0F11}.Release|Any CPU.Build.0 = Release|Any CPU
		{252DA846-C053-4F02-9DF9-50E45FCCA470}.Debug|Any CPU.ActiveCfg = Debug|Any CPU
		{252DA846-C053-4F02-9DF9-50E45FCCA470}.Debug|Any CPU.Build.0 = Debug|Any CPU
		{252DA846-C053-4F02-9DF9-50E45FCCA470}.Release|Any CPU.ActiveCfg = Release|Any CPU
		{252DA846-C053-4F02-9DF9-50E45FCCA470}.Release|Any CPU.Build.0 = Release|Any CPU
		{8E1671B5-1C73-4CE3-B4B3-231E2B257B63}.Debug|Any CPU.ActiveCfg = Debug|Any CPU
		{8E1671B5-1C73-4CE3-B4B3-231E2B257B63}.Debug|Any CPU.Build.0 = Debug|Any CPU
		{8E1671B5-1C73-4CE3-B4B3-231E2B257B63}.Release|Any CPU.ActiveCfg = Release|Any CPU
		{8E1671B5-1C73-4CE3-B4B3-231E2B257B63}.Release|Any CPU.Build.0 = Release|Any CPU
		{CB45B047-90D1-4022-85D5-508F72770130}.Debug|Any CPU.ActiveCfg = Debug|Any CPU
		{CB45B047-90D1-4022-85D5-508F72770130}.Debug|Any CPU.Build.0 = Debug|Any CPU
		{CB45B047-90D1-4022-85D5-508F72770130}.Release|Any CPU.ActiveCfg = Release|Any CPU
		{CB45B047-90D1-4022-85D5-508F72770130}.Release|Any CPU.Build.0 = Release|Any CPU
		{60240893-38F7-4C17-BDA1-F17D2DC1CFFC}.Debug|Any CPU.ActiveCfg = Debug|Any CPU
		{60240893-38F7-4C17-BDA1-F17D2DC1CFFC}.Debug|Any CPU.Build.0 = Debug|Any CPU
		{60240893-38F7-4C17-BDA1-F17D2DC1CFFC}.Release|Any CPU.ActiveCfg = Release|Any CPU
		{60240893-38F7-4C17-BDA1-F17D2DC1CFFC}.Release|Any CPU.Build.0 = Release|Any CPU
		{006F8ACC-08EF-459F-8843-45477A42BFD8}.Debug|Any CPU.ActiveCfg = Debug|Any CPU
		{006F8ACC-08EF-459F-8843-45477A42BFD8}.Debug|Any CPU.Build.0 = Debug|Any CPU
		{006F8ACC-08EF-459F-8843-45477A42BFD8}.Release|Any CPU.ActiveCfg = Release|Any CPU
		{006F8ACC-08EF-459F-8843-45477A42BFD8}.Release|Any CPU.Build.0 = Release|Any CPU
		{E2729ED2-96F4-4969-847A-3B1B48D8896F}.Debug|Any CPU.ActiveCfg = Debug|Any CPU
		{E2729ED2-96F4-4969-847A-3B1B48D8896F}.Debug|Any CPU.Build.0 = Debug|Any CPU
		{E2729ED2-96F4-4969-847A-3B1B48D8896F}.Release|Any CPU.ActiveCfg = Release|Any CPU
		{E2729ED2-96F4-4969-847A-3B1B48D8896F}.Release|Any CPU.Build.0 = Release|Any CPU
		{B6FF17C9-F8FA-4DC2-B087-F504088EED6B}.Debug|Any CPU.ActiveCfg = Debug|Any CPU
		{B6FF17C9-F8FA-4DC2-B087-F504088EED6B}.Debug|Any CPU.Build.0 = Debug|Any CPU
		{B6FF17C9-F8FA-4DC2-B087-F504088EED6B}.Release|Any CPU.ActiveCfg = Release|Any CPU
		{B6FF17C9-F8FA-4DC2-B087-F504088EED6B}.Release|Any CPU.Build.0 = Release|Any CPU
		{DC0DDBD4-68D4-4764-936D-3BB43BBADEAB}.Debug|Any CPU.ActiveCfg = Debug|Any CPU
		{DC0DDBD4-68D4-4764-936D-3BB43BBADEAB}.Debug|Any CPU.Build.0 = Debug|Any CPU
		{DC0DDBD4-68D4-4764-936D-3BB43BBADEAB}.Release|Any CPU.ActiveCfg = Release|Any CPU
		{DC0DDBD4-68D4-4764-936D-3BB43BBADEAB}.Release|Any CPU.Build.0 = Release|Any CPU
		{A76E72D0-4323-47BD-9818-4B9B015B5E13}.Debug|Any CPU.ActiveCfg = Debug|Any CPU
		{A76E72D0-4323-47BD-9818-4B9B015B5E13}.Debug|Any CPU.Build.0 = Debug|Any CPU
		{A76E72D0-4323-47BD-9818-4B9B015B5E13}.Release|Any CPU.ActiveCfg = Release|Any CPU
		{A76E72D0-4323-47BD-9818-4B9B015B5E13}.Release|Any CPU.Build.0 = Release|Any CPU
		{D82AE199-B478-4712-B6CA-1CD5CE3DE54E}.Debug|Any CPU.ActiveCfg = Debug|Any CPU
		{D82AE199-B478-4712-B6CA-1CD5CE3DE54E}.Debug|Any CPU.Build.0 = Debug|Any CPU
		{D82AE199-B478-4712-B6CA-1CD5CE3DE54E}.Release|Any CPU.ActiveCfg = Release|Any CPU
		{D82AE199-B478-4712-B6CA-1CD5CE3DE54E}.Release|Any CPU.Build.0 = Release|Any CPU
		{72EA48AF-042B-4140-94EF-5BAC7D2C59FE}.Debug|Any CPU.ActiveCfg = Debug|Any CPU
		{72EA48AF-042B-4140-94EF-5BAC7D2C59FE}.Debug|Any CPU.Build.0 = Debug|Any CPU
		{72EA48AF-042B-4140-94EF-5BAC7D2C59FE}.Release|Any CPU.ActiveCfg = Release|Any CPU
		{72EA48AF-042B-4140-94EF-5BAC7D2C59FE}.Release|Any CPU.Build.0 = Release|Any CPU
		{B634B428-8FCB-45FB-AD00-9D9BE99633D0}.Debug|Any CPU.ActiveCfg = Debug|Any CPU
		{B634B428-8FCB-45FB-AD00-9D9BE99633D0}.Debug|Any CPU.Build.0 = Debug|Any CPU
		{B634B428-8FCB-45FB-AD00-9D9BE99633D0}.Release|Any CPU.ActiveCfg = Release|Any CPU
		{B634B428-8FCB-45FB-AD00-9D9BE99633D0}.Release|Any CPU.Build.0 = Release|Any CPU
		{A3103018-EF92-497B-BE5B-183D5EE275EB}.Debug|Any CPU.ActiveCfg = Debug|Any CPU
		{A3103018-EF92-497B-BE5B-183D5EE275EB}.Debug|Any CPU.Build.0 = Debug|Any CPU
		{A3103018-EF92-497B-BE5B-183D5EE275EB}.Release|Any CPU.ActiveCfg = Release|Any CPU
		{A3103018-EF92-497B-BE5B-183D5EE275EB}.Release|Any CPU.Build.0 = Release|Any CPU
		{9746E0FF-E6AD-4A7D-BB1B-F78190263539}.Debug|Any CPU.ActiveCfg = Debug|Any CPU
		{9746E0FF-E6AD-4A7D-BB1B-F78190263539}.Debug|Any CPU.Build.0 = Debug|Any CPU
		{9746E0FF-E6AD-4A7D-BB1B-F78190263539}.Release|Any CPU.ActiveCfg = Release|Any CPU
		{9746E0FF-E6AD-4A7D-BB1B-F78190263539}.Release|Any CPU.Build.0 = Release|Any CPU
		{754D9CF0-D9E5-4FCE-A333-BC592DC4F0CF}.Debug|Any CPU.ActiveCfg = Debug|Any CPU
		{754D9CF0-D9E5-4FCE-A333-BC592DC4F0CF}.Debug|Any CPU.Build.0 = Debug|Any CPU
		{754D9CF0-D9E5-4FCE-A333-BC592DC4F0CF}.Release|Any CPU.ActiveCfg = Release|Any CPU
		{754D9CF0-D9E5-4FCE-A333-BC592DC4F0CF}.Release|Any CPU.Build.0 = Release|Any CPU
		{9CDBC1C3-09EF-4CB9-AE96-F46C26DD782C}.Debug|Any CPU.ActiveCfg = Debug|Any CPU
		{9CDBC1C3-09EF-4CB9-AE96-F46C26DD782C}.Debug|Any CPU.Build.0 = Debug|Any CPU
		{9CDBC1C3-09EF-4CB9-AE96-F46C26DD782C}.Release|Any CPU.ActiveCfg = Release|Any CPU
		{9CDBC1C3-09EF-4CB9-AE96-F46C26DD782C}.Release|Any CPU.Build.0 = Release|Any CPU
		{FBDE4C79-63A8-4934-AA5D-19C7DAFD1D8C}.Debug|Any CPU.ActiveCfg = Debug|Any CPU
		{FBDE4C79-63A8-4934-AA5D-19C7DAFD1D8C}.Debug|Any CPU.Build.0 = Debug|Any CPU
		{FBDE4C79-63A8-4934-AA5D-19C7DAFD1D8C}.Release|Any CPU.ActiveCfg = Release|Any CPU
		{FBDE4C79-63A8-4934-AA5D-19C7DAFD1D8C}.Release|Any CPU.Build.0 = Release|Any CPU
		{FE336462-56E5-4070-B236-404FFFC61CC6}.Debug|Any CPU.ActiveCfg = Debug|Any CPU
		{FE336462-56E5-4070-B236-404FFFC61CC6}.Debug|Any CPU.Build.0 = Debug|Any CPU
		{FE336462-56E5-4070-B236-404FFFC61CC6}.Release|Any CPU.ActiveCfg = Release|Any CPU
		{FE336462-56E5-4070-B236-404FFFC61CC6}.Release|Any CPU.Build.0 = Release|Any CPU
		{B5CA9C76-A21A-42CB-8C12-AE3D2673AF61}.Debug|Any CPU.ActiveCfg = Debug|Any CPU
		{B5CA9C76-A21A-42CB-8C12-AE3D2673AF61}.Debug|Any CPU.Build.0 = Debug|Any CPU
		{B5CA9C76-A21A-42CB-8C12-AE3D2673AF61}.Release|Any CPU.ActiveCfg = Release|Any CPU
		{B5CA9C76-A21A-42CB-8C12-AE3D2673AF61}.Release|Any CPU.Build.0 = Release|Any CPU
		{F79C256E-27CB-41BA-8E02-A4D2F8998554}.Debug|Any CPU.ActiveCfg = Debug|Any CPU
		{F79C256E-27CB-41BA-8E02-A4D2F8998554}.Debug|Any CPU.Build.0 = Debug|Any CPU
		{F79C256E-27CB-41BA-8E02-A4D2F8998554}.Release|Any CPU.ActiveCfg = Release|Any CPU
		{F79C256E-27CB-41BA-8E02-A4D2F8998554}.Release|Any CPU.Build.0 = Release|Any CPU
		{EDAA7CAD-B451-4D1E-8E35-996409857C6F}.Debug|Any CPU.ActiveCfg = Debug|Any CPU
		{EDAA7CAD-B451-4D1E-8E35-996409857C6F}.Debug|Any CPU.Build.0 = Debug|Any CPU
		{EDAA7CAD-B451-4D1E-8E35-996409857C6F}.Release|Any CPU.ActiveCfg = Release|Any CPU
		{EDAA7CAD-B451-4D1E-8E35-996409857C6F}.Release|Any CPU.Build.0 = Release|Any CPU
		{77B561F2-9D57-4EE3-AD9B-0EC708C900F2}.Debug|Any CPU.ActiveCfg = Debug|Any CPU
		{77B561F2-9D57-4EE3-AD9B-0EC708C900F2}.Debug|Any CPU.Build.0 = Debug|Any CPU
		{77B561F2-9D57-4EE3-AD9B-0EC708C900F2}.Release|Any CPU.ActiveCfg = Release|Any CPU
		{77B561F2-9D57-4EE3-AD9B-0EC708C900F2}.Release|Any CPU.Build.0 = Release|Any CPU
		{8A867272-5023-4079-BD55-DD1E3FE91261}.Debug|Any CPU.ActiveCfg = Debug|Any CPU
		{8A867272-5023-4079-BD55-DD1E3FE91261}.Debug|Any CPU.Build.0 = Debug|Any CPU
		{8A867272-5023-4079-BD55-DD1E3FE91261}.Release|Any CPU.ActiveCfg = Release|Any CPU
		{8A867272-5023-4079-BD55-DD1E3FE91261}.Release|Any CPU.Build.0 = Release|Any CPU
		{1B83383A-A46F-42BC-8F3B-0D3197C74D4D}.Debug|Any CPU.ActiveCfg = Debug|Any CPU
		{1B83383A-A46F-42BC-8F3B-0D3197C74D4D}.Debug|Any CPU.Build.0 = Debug|Any CPU
		{1B83383A-A46F-42BC-8F3B-0D3197C74D4D}.Release|Any CPU.ActiveCfg = Release|Any CPU
		{1B83383A-A46F-42BC-8F3B-0D3197C74D4D}.Release|Any CPU.Build.0 = Release|Any CPU
		{5A175245-4F56-42FC-9C1F-39BE719D7985}.Debug|Any CPU.ActiveCfg = Debug|Any CPU
		{5A175245-4F56-42FC-9C1F-39BE719D7985}.Debug|Any CPU.Build.0 = Debug|Any CPU
		{5A175245-4F56-42FC-9C1F-39BE719D7985}.Release|Any CPU.ActiveCfg = Release|Any CPU
		{5A175245-4F56-42FC-9C1F-39BE719D7985}.Release|Any CPU.Build.0 = Release|Any CPU
		{0BA3AC04-8236-460D-A8F5-AEA3CF9AED2B}.Debug|Any CPU.ActiveCfg = Debug|Any CPU
		{0BA3AC04-8236-460D-A8F5-AEA3CF9AED2B}.Debug|Any CPU.Build.0 = Debug|Any CPU
		{0BA3AC04-8236-460D-A8F5-AEA3CF9AED2B}.Release|Any CPU.ActiveCfg = Release|Any CPU
		{0BA3AC04-8236-460D-A8F5-AEA3CF9AED2B}.Release|Any CPU.Build.0 = Release|Any CPU
		{14CB6EA9-A0A7-443E-8741-FF2072A9F9B8}.Debug|Any CPU.ActiveCfg = Debug|Any CPU
		{14CB6EA9-A0A7-443E-8741-FF2072A9F9B8}.Debug|Any CPU.Build.0 = Debug|Any CPU
		{14CB6EA9-A0A7-443E-8741-FF2072A9F9B8}.Release|Any CPU.ActiveCfg = Release|Any CPU
		{14CB6EA9-A0A7-443E-8741-FF2072A9F9B8}.Release|Any CPU.Build.0 = Release|Any CPU
		{D61726CB-9520-4151-9C76-32073A011A9A}.Debug|Any CPU.ActiveCfg = Debug|Any CPU
		{D61726CB-9520-4151-9C76-32073A011A9A}.Debug|Any CPU.Build.0 = Debug|Any CPU
		{D61726CB-9520-4151-9C76-32073A011A9A}.Release|Any CPU.ActiveCfg = Release|Any CPU
		{D61726CB-9520-4151-9C76-32073A011A9A}.Release|Any CPU.Build.0 = Release|Any CPU
		{9E30078A-7A8F-4C2A-8C5A-64CEC26A88AE}.Debug|Any CPU.ActiveCfg = Debug|Any CPU
		{9E30078A-7A8F-4C2A-8C5A-64CEC26A88AE}.Debug|Any CPU.Build.0 = Debug|Any CPU
		{9E30078A-7A8F-4C2A-8C5A-64CEC26A88AE}.Release|Any CPU.ActiveCfg = Release|Any CPU
		{9E30078A-7A8F-4C2A-8C5A-64CEC26A88AE}.Release|Any CPU.Build.0 = Release|Any CPU
		{1D5CE9CD-27F8-4478-A3E0-4E994D4E03E0}.Debug|Any CPU.ActiveCfg = Debug|Any CPU
		{1D5CE9CD-27F8-4478-A3E0-4E994D4E03E0}.Debug|Any CPU.Build.0 = Debug|Any CPU
		{1D5CE9CD-27F8-4478-A3E0-4E994D4E03E0}.Release|Any CPU.ActiveCfg = Release|Any CPU
		{1D5CE9CD-27F8-4478-A3E0-4E994D4E03E0}.Release|Any CPU.Build.0 = Release|Any CPU
		{DC837BDC-1B3F-481A-830F-E0FC6D450B33}.Debug|Any CPU.ActiveCfg = Debug|Any CPU
		{DC837BDC-1B3F-481A-830F-E0FC6D450B33}.Debug|Any CPU.Build.0 = Debug|Any CPU
		{DC837BDC-1B3F-481A-830F-E0FC6D450B33}.Release|Any CPU.ActiveCfg = Release|Any CPU
		{DC837BDC-1B3F-481A-830F-E0FC6D450B33}.Release|Any CPU.Build.0 = Release|Any CPU
		{FBC88734-7BFA-4749-9A7F-76A4562CF87A}.Debug|Any CPU.ActiveCfg = Debug|Any CPU
		{FBC88734-7BFA-4749-9A7F-76A4562CF87A}.Debug|Any CPU.Build.0 = Debug|Any CPU
		{FBC88734-7BFA-4749-9A7F-76A4562CF87A}.Release|Any CPU.ActiveCfg = Release|Any CPU
		{FBC88734-7BFA-4749-9A7F-76A4562CF87A}.Release|Any CPU.Build.0 = Release|Any CPU
		{F01A8E2B-8316-4277-BA93-650BFFF7BAC6}.Debug|Any CPU.ActiveCfg = Debug|Any CPU
		{F01A8E2B-8316-4277-BA93-650BFFF7BAC6}.Debug|Any CPU.Build.0 = Debug|Any CPU
		{F01A8E2B-8316-4277-BA93-650BFFF7BAC6}.Release|Any CPU.ActiveCfg = Release|Any CPU
		{F01A8E2B-8316-4277-BA93-650BFFF7BAC6}.Release|Any CPU.Build.0 = Release|Any CPU
		{94980C2A-F34C-4499-97DC-42D72272DE97}.Debug|Any CPU.ActiveCfg = Debug|Any CPU
		{94980C2A-F34C-4499-97DC-42D72272DE97}.Debug|Any CPU.Build.0 = Debug|Any CPU
		{94980C2A-F34C-4499-97DC-42D72272DE97}.Release|Any CPU.ActiveCfg = Release|Any CPU
		{94980C2A-F34C-4499-97DC-42D72272DE97}.Release|Any CPU.Build.0 = Release|Any CPU
		{CDEB9272-566B-4B42-B10F-19CC5821C903}.Debug|Any CPU.ActiveCfg = Debug|Any CPU
		{CDEB9272-566B-4B42-B10F-19CC5821C903}.Debug|Any CPU.Build.0 = Debug|Any CPU
		{CDEB9272-566B-4B42-B10F-19CC5821C903}.Release|Any CPU.ActiveCfg = Release|Any CPU
		{CDEB9272-566B-4B42-B10F-19CC5821C903}.Release|Any CPU.Build.0 = Release|Any CPU
		{0510E5DB-2138-41B2-8FC4-19A717EDA07F}.Debug|Any CPU.ActiveCfg = Debug|Any CPU
		{0510E5DB-2138-41B2-8FC4-19A717EDA07F}.Debug|Any CPU.Build.0 = Debug|Any CPU
		{0510E5DB-2138-41B2-8FC4-19A717EDA07F}.Release|Any CPU.ActiveCfg = Release|Any CPU
		{0510E5DB-2138-41B2-8FC4-19A717EDA07F}.Release|Any CPU.Build.0 = Release|Any CPU
		{C6724D50-91CC-4D26-B49F-74356C5DDC7E}.Debug|Any CPU.ActiveCfg = Debug|Any CPU
		{C6724D50-91CC-4D26-B49F-74356C5DDC7E}.Debug|Any CPU.Build.0 = Debug|Any CPU
		{C6724D50-91CC-4D26-B49F-74356C5DDC7E}.Release|Any CPU.ActiveCfg = Release|Any CPU
		{C6724D50-91CC-4D26-B49F-74356C5DDC7E}.Release|Any CPU.Build.0 = Release|Any CPU
		{98CDEC29-C834-43DB-98C5-AB4229CFF6CF}.Debug|Any CPU.ActiveCfg = Debug|Any CPU
		{98CDEC29-C834-43DB-98C5-AB4229CFF6CF}.Debug|Any CPU.Build.0 = Debug|Any CPU
		{98CDEC29-C834-43DB-98C5-AB4229CFF6CF}.Release|Any CPU.ActiveCfg = Release|Any CPU
		{98CDEC29-C834-43DB-98C5-AB4229CFF6CF}.Release|Any CPU.Build.0 = Release|Any CPU
		{50D21343-B623-4CAD-815A-9B8A6C4297BD}.Debug|Any CPU.ActiveCfg = Debug|Any CPU
		{50D21343-B623-4CAD-815A-9B8A6C4297BD}.Debug|Any CPU.Build.0 = Debug|Any CPU
		{50D21343-B623-4CAD-815A-9B8A6C4297BD}.Release|Any CPU.ActiveCfg = Release|Any CPU
		{50D21343-B623-4CAD-815A-9B8A6C4297BD}.Release|Any CPU.Build.0 = Release|Any CPU
		{11DDCB58-F1EE-410A-8C9F-FD25650C95CD}.Debug|Any CPU.ActiveCfg = Debug|Any CPU
		{11DDCB58-F1EE-410A-8C9F-FD25650C95CD}.Debug|Any CPU.Build.0 = Debug|Any CPU
		{11DDCB58-F1EE-410A-8C9F-FD25650C95CD}.Release|Any CPU.ActiveCfg = Release|Any CPU
		{11DDCB58-F1EE-410A-8C9F-FD25650C95CD}.Release|Any CPU.Build.0 = Release|Any CPU
		{546EB3DE-F9F2-4CF2-8592-8C8620508D39}.Debug|Any CPU.ActiveCfg = Debug|Any CPU
		{546EB3DE-F9F2-4CF2-8592-8C8620508D39}.Debug|Any CPU.Build.0 = Debug|Any CPU
		{546EB3DE-F9F2-4CF2-8592-8C8620508D39}.Release|Any CPU.ActiveCfg = Release|Any CPU
		{546EB3DE-F9F2-4CF2-8592-8C8620508D39}.Release|Any CPU.Build.0 = Release|Any CPU
		{991D878D-D231-4750-B7CF-CEE021735D5E}.Debug|Any CPU.ActiveCfg = Debug|Any CPU
		{991D878D-D231-4750-B7CF-CEE021735D5E}.Debug|Any CPU.Build.0 = Debug|Any CPU
		{991D878D-D231-4750-B7CF-CEE021735D5E}.Release|Any CPU.ActiveCfg = Release|Any CPU
		{991D878D-D231-4750-B7CF-CEE021735D5E}.Release|Any CPU.Build.0 = Release|Any CPU
		{8300FC7D-2CE1-4D09-A8FE-06C74F12E8B4}.Debug|Any CPU.ActiveCfg = Debug|Any CPU
		{8300FC7D-2CE1-4D09-A8FE-06C74F12E8B4}.Debug|Any CPU.Build.0 = Debug|Any CPU
		{8300FC7D-2CE1-4D09-A8FE-06C74F12E8B4}.Release|Any CPU.ActiveCfg = Release|Any CPU
		{8300FC7D-2CE1-4D09-A8FE-06C74F12E8B4}.Release|Any CPU.Build.0 = Release|Any CPU
		{A2BADDAB-7F10-4533-A215-EDCE3B10B656}.Debug|Any CPU.ActiveCfg = Debug|Any CPU
		{A2BADDAB-7F10-4533-A215-EDCE3B10B656}.Debug|Any CPU.Build.0 = Debug|Any CPU
		{A2BADDAB-7F10-4533-A215-EDCE3B10B656}.Release|Any CPU.ActiveCfg = Release|Any CPU
		{A2BADDAB-7F10-4533-A215-EDCE3B10B656}.Release|Any CPU.Build.0 = Release|Any CPU
		{7A630F7B-2F8E-41B4-8E1F-E16398AE16CB}.Debug|Any CPU.ActiveCfg = Debug|Any CPU
		{7A630F7B-2F8E-41B4-8E1F-E16398AE16CB}.Debug|Any CPU.Build.0 = Debug|Any CPU
		{7A630F7B-2F8E-41B4-8E1F-E16398AE16CB}.Release|Any CPU.ActiveCfg = Release|Any CPU
		{7A630F7B-2F8E-41B4-8E1F-E16398AE16CB}.Release|Any CPU.Build.0 = Release|Any CPU
		{29890350-06A8-480C-9EAA-986BB4E4DB2A}.Debug|Any CPU.ActiveCfg = Debug|Any CPU
		{29890350-06A8-480C-9EAA-986BB4E4DB2A}.Debug|Any CPU.Build.0 = Debug|Any CPU
		{29890350-06A8-480C-9EAA-986BB4E4DB2A}.Release|Any CPU.ActiveCfg = Release|Any CPU
		{29890350-06A8-480C-9EAA-986BB4E4DB2A}.Release|Any CPU.Build.0 = Release|Any CPU
		{75A1445F-25A3-459D-9030-0FE19C66393C}.Debug|Any CPU.ActiveCfg = Debug|Any CPU
		{75A1445F-25A3-459D-9030-0FE19C66393C}.Debug|Any CPU.Build.0 = Debug|Any CPU
		{75A1445F-25A3-459D-9030-0FE19C66393C}.Release|Any CPU.ActiveCfg = Release|Any CPU
		{75A1445F-25A3-459D-9030-0FE19C66393C}.Release|Any CPU.Build.0 = Release|Any CPU
		{F1DDEA52-ED11-497E-AEE8-869E5959DDA3}.Debug|Any CPU.ActiveCfg = Debug|Any CPU
		{F1DDEA52-ED11-497E-AEE8-869E5959DDA3}.Debug|Any CPU.Build.0 = Debug|Any CPU
		{F1DDEA52-ED11-497E-AEE8-869E5959DDA3}.Release|Any CPU.ActiveCfg = Release|Any CPU
		{F1DDEA52-ED11-497E-AEE8-869E5959DDA3}.Release|Any CPU.Build.0 = Release|Any CPU
		{32D50483-E014-4926-84C7-5A95DADD3C6E}.Debug|Any CPU.ActiveCfg = Debug|Any CPU
		{32D50483-E014-4926-84C7-5A95DADD3C6E}.Debug|Any CPU.Build.0 = Debug|Any CPU
		{32D50483-E014-4926-84C7-5A95DADD3C6E}.Release|Any CPU.ActiveCfg = Release|Any CPU
		{32D50483-E014-4926-84C7-5A95DADD3C6E}.Release|Any CPU.Build.0 = Release|Any CPU
		{C50E9446-2654-45C6-A15D-C2AC3E560B3E}.Debug|Any CPU.ActiveCfg = Debug|Any CPU
		{C50E9446-2654-45C6-A15D-C2AC3E560B3E}.Debug|Any CPU.Build.0 = Debug|Any CPU
		{C50E9446-2654-45C6-A15D-C2AC3E560B3E}.Release|Any CPU.ActiveCfg = Release|Any CPU
		{C50E9446-2654-45C6-A15D-C2AC3E560B3E}.Release|Any CPU.Build.0 = Release|Any CPU
		{2A0D3013-94F5-425A-B283-61374CF7433A}.Debug|Any CPU.ActiveCfg = Debug|Any CPU
		{2A0D3013-94F5-425A-B283-61374CF7433A}.Debug|Any CPU.Build.0 = Debug|Any CPU
		{2A0D3013-94F5-425A-B283-61374CF7433A}.Release|Any CPU.ActiveCfg = Release|Any CPU
		{2A0D3013-94F5-425A-B283-61374CF7433A}.Release|Any CPU.Build.0 = Release|Any CPU
		{9E8B2EF4-1E75-4735-BD75-2B0EF5DF6FC1}.Debug|Any CPU.ActiveCfg = Debug|Any CPU
		{9E8B2EF4-1E75-4735-BD75-2B0EF5DF6FC1}.Debug|Any CPU.Build.0 = Debug|Any CPU
		{9E8B2EF4-1E75-4735-BD75-2B0EF5DF6FC1}.Release|Any CPU.ActiveCfg = Release|Any CPU
		{9E8B2EF4-1E75-4735-BD75-2B0EF5DF6FC1}.Release|Any CPU.Build.0 = Release|Any CPU
		{0CE57D80-EDB2-40A6-8FC7-530B42BA9C4C}.Debug|Any CPU.ActiveCfg = Debug|Any CPU
		{0CE57D80-EDB2-40A6-8FC7-530B42BA9C4C}.Debug|Any CPU.Build.0 = Debug|Any CPU
		{0CE57D80-EDB2-40A6-8FC7-530B42BA9C4C}.Release|Any CPU.ActiveCfg = Release|Any CPU
		{0CE57D80-EDB2-40A6-8FC7-530B42BA9C4C}.Release|Any CPU.Build.0 = Release|Any CPU
		{FC5F7889-0E75-4E1F-B601-66E65690CD4E}.Debug|Any CPU.ActiveCfg = Debug|Any CPU
		{FC5F7889-0E75-4E1F-B601-66E65690CD4E}.Debug|Any CPU.Build.0 = Debug|Any CPU
		{FC5F7889-0E75-4E1F-B601-66E65690CD4E}.Release|Any CPU.ActiveCfg = Release|Any CPU
		{FC5F7889-0E75-4E1F-B601-66E65690CD4E}.Release|Any CPU.Build.0 = Release|Any CPU
		{6A137183-9D0C-4823-9C88-CC8E2F05EDC5}.Debug|Any CPU.ActiveCfg = Debug|Any CPU
		{6A137183-9D0C-4823-9C88-CC8E2F05EDC5}.Debug|Any CPU.Build.0 = Debug|Any CPU
		{6A137183-9D0C-4823-9C88-CC8E2F05EDC5}.Release|Any CPU.ActiveCfg = Release|Any CPU
		{6A137183-9D0C-4823-9C88-CC8E2F05EDC5}.Release|Any CPU.Build.0 = Release|Any CPU
	EndGlobalSection
	GlobalSection(SolutionProperties) = preSolution
		HideSolutionNode = FALSE
	EndGlobalSection
	GlobalSection(NestedProjects) = preSolution
		{3F88B6F2-331D-47FB-BE64-5AB0150FBF1E} = {7ECEE967-FB92-491A-B443-9A5B0E9AF537}
		{B1FEA7E9-C697-41FB-96F0-415677DE481E} = {B66734D0-E262-40D7-8444-4EA731D1DE26}
		{19A449B2-57F4-438D-A76C-0BD95CC0895E} = {7ECEE967-FB92-491A-B443-9A5B0E9AF537}
		{8EC694AE-9897-43A6-BB35-5BCDF6631AD6} = {E0D4D592-8418-4D5D-93C5-177652366041}
		{23B7B30F-31DA-4477-94BB-0D1E3B9F0CDB} = {FB735992-6EAC-4C69-897D-AC0861C3C87B}
		{B0CCF8C0-5551-4BC0-9A8D-3BE7CFADDAAC} = {E2239087-AC19-4FCA-82C4-33D60753D688}
		{B1F37095-32B7-4347-A9C1-94E01FB8A90B} = {E2239087-AC19-4FCA-82C4-33D60753D688}
		{453850B7-B6FA-4A64-ABC5-466482DA2B7B} = {54933D0F-2E7C-477F-BA43-88607F136E69}
		{7BF74B56-96B3-4583-AE0E-FE69D4DC0F11} = {0A6831A5-EAD3-48B1-B7CA-08A1041DE065}
		{B66734D0-E262-40D7-8444-4EA731D1DE26} = {C7D526AE-142F-4BC7-A6EF-BB4C2A851B10}
		{557D99F7-74AD-4A5D-A255-0743449E7F46} = {C7D526AE-142F-4BC7-A6EF-BB4C2A851B10}
		{7ECEE967-FB92-491A-B443-9A5B0E9AF537} = {C7D526AE-142F-4BC7-A6EF-BB4C2A851B10}
		{0A6831A5-EAD3-48B1-B7CA-08A1041DE065} = {C7D526AE-142F-4BC7-A6EF-BB4C2A851B10}
		{E0D4D592-8418-4D5D-93C5-177652366041} = {0A6831A5-EAD3-48B1-B7CA-08A1041DE065}
		{54933D0F-2E7C-477F-BA43-88607F136E69} = {0A6831A5-EAD3-48B1-B7CA-08A1041DE065}
		{252DA846-C053-4F02-9DF9-50E45FCCA470} = {B66734D0-E262-40D7-8444-4EA731D1DE26}
		{8E1671B5-1C73-4CE3-B4B3-231E2B257B63} = {B66734D0-E262-40D7-8444-4EA731D1DE26}
		{7D3F7DCF-0B50-497F-9442-6611F9126579} = {0A6831A5-EAD3-48B1-B7CA-08A1041DE065}
		{CB45B047-90D1-4022-85D5-508F72770130} = {7D3F7DCF-0B50-497F-9442-6611F9126579}
		{60240893-38F7-4C17-BDA1-F17D2DC1CFFC} = {7D3F7DCF-0B50-497F-9442-6611F9126579}
		{96F67F26-758A-4B48-9D0A-75A8DC8A7528} = {7B88F192-3CF0-4CEA-BF47-3AA1DC1C0736}
		{006F8ACC-08EF-459F-8843-45477A42BFD8} = {7D3F7DCF-0B50-497F-9442-6611F9126579}
		{E2729ED2-96F4-4969-847A-3B1B48D8896F} = {4D0EAB21-F2AE-4650-9D6E-284F2143A6EB}
		{B6FF17C9-F8FA-4DC2-B087-F504088EED6B} = {557D99F7-74AD-4A5D-A255-0743449E7F46}
		{DC0DDBD4-68D4-4764-936D-3BB43BBADEAB} = {E0D4D592-8418-4D5D-93C5-177652366041}
		{A76E72D0-4323-47BD-9818-4B9B015B5E13} = {E0D4D592-8418-4D5D-93C5-177652366041}
		{D82AE199-B478-4712-B6CA-1CD5CE3DE54E} = {FB735992-6EAC-4C69-897D-AC0861C3C87B}
		{72EA48AF-042B-4140-94EF-5BAC7D2C59FE} = {A9470655-87D1-4CA2-8164-17B9E5BD1495}
		{B634B428-8FCB-45FB-AD00-9D9BE99633D0} = {B1984446-F497-4011-B09E-ACD06A171B96}
		{A3103018-EF92-497B-BE5B-183D5EE275EB} = {B1984446-F497-4011-B09E-ACD06A171B96}
		{9746E0FF-E6AD-4A7D-BB1B-F78190263539} = {E2239087-AC19-4FCA-82C4-33D60753D688}
		{754D9CF0-D9E5-4FCE-A333-BC592DC4F0CF} = {E2239087-AC19-4FCA-82C4-33D60753D688}
		{9CDBC1C3-09EF-4CB9-AE96-F46C26DD782C} = {E2239087-AC19-4FCA-82C4-33D60753D688}
		{FBDE4C79-63A8-4934-AA5D-19C7DAFD1D8C} = {E2239087-AC19-4FCA-82C4-33D60753D688}
		{FE336462-56E5-4070-B236-404FFFC61CC6} = {E2239087-AC19-4FCA-82C4-33D60753D688}
		{B5CA9C76-A21A-42CB-8C12-AE3D2673AF61} = {A9470655-87D1-4CA2-8164-17B9E5BD1495}
		{F79C256E-27CB-41BA-8E02-A4D2F8998554} = {E2239087-AC19-4FCA-82C4-33D60753D688}
		{EDAA7CAD-B451-4D1E-8E35-996409857C6F} = {E2239087-AC19-4FCA-82C4-33D60753D688}
		{77B561F2-9D57-4EE3-AD9B-0EC708C900F2} = {E2239087-AC19-4FCA-82C4-33D60753D688}
		{8A867272-5023-4079-BD55-DD1E3FE91261} = {E2239087-AC19-4FCA-82C4-33D60753D688}
		{1B83383A-A46F-42BC-8F3B-0D3197C74D4D} = {8896447C-7738-4856-B2A3-BD625F927D21}
		{5A175245-4F56-42FC-9C1F-39BE719D7985} = {E2239087-AC19-4FCA-82C4-33D60753D688}
		{0BA3AC04-8236-460D-A8F5-AEA3CF9AED2B} = {8896447C-7738-4856-B2A3-BD625F927D21}
		{14CB6EA9-A0A7-443E-8741-FF2072A9F9B8} = {E2239087-AC19-4FCA-82C4-33D60753D688}
		{ACC31583-A340-476A-AC11-E8F0323487D3} = {E0D4D592-8418-4D5D-93C5-177652366041}
		{D61726CB-9520-4151-9C76-32073A011A9A} = {ACC31583-A340-476A-AC11-E8F0323487D3}
		{9E30078A-7A8F-4C2A-8C5A-64CEC26A88AE} = {ACC31583-A340-476A-AC11-E8F0323487D3}
		{1D5CE9CD-27F8-4478-A3E0-4E994D4E03E0} = {4D0EAB21-F2AE-4650-9D6E-284F2143A6EB}
		{DC837BDC-1B3F-481A-830F-E0FC6D450B33} = {E2239087-AC19-4FCA-82C4-33D60753D688}
		{FBC88734-7BFA-4749-9A7F-76A4562CF87A} = {A9470655-87D1-4CA2-8164-17B9E5BD1495}
		{F01A8E2B-8316-4277-BA93-650BFFF7BAC6} = {A9470655-87D1-4CA2-8164-17B9E5BD1495}
		{3BC1A458-02E0-49AA-947A-F927588A36DA} = {0A6831A5-EAD3-48B1-B7CA-08A1041DE065}
		{94980C2A-F34C-4499-97DC-42D72272DE97} = {3BC1A458-02E0-49AA-947A-F927588A36DA}
		{CDEB9272-566B-4B42-B10F-19CC5821C903} = {3BC1A458-02E0-49AA-947A-F927588A36DA}
		{0510E5DB-2138-41B2-8FC4-19A717EDA07F} = {3BC1A458-02E0-49AA-947A-F927588A36DA}
		{C6724D50-91CC-4D26-B49F-74356C5DDC7E} = {8896447C-7738-4856-B2A3-BD625F927D21}
		{98CDEC29-C834-43DB-98C5-AB4229CFF6CF} = {96F67F26-758A-4B48-9D0A-75A8DC8A7528}
		{50D21343-B623-4CAD-815A-9B8A6C4297BD} = {96F67F26-758A-4B48-9D0A-75A8DC8A7528}
		{11DDCB58-F1EE-410A-8C9F-FD25650C95CD} = {7B88F192-3CF0-4CEA-BF47-3AA1DC1C0736}
		{546EB3DE-F9F2-4CF2-8592-8C8620508D39} = {7B88F192-3CF0-4CEA-BF47-3AA1DC1C0736}
		{991D878D-D231-4750-B7CF-CEE021735D5E} = {97EC005C-88DC-4510-96E3-EB8E198FD456}
		{8300FC7D-2CE1-4D09-A8FE-06C74F12E8B4} = {97EC005C-88DC-4510-96E3-EB8E198FD456}
		{A2BADDAB-7F10-4533-A215-EDCE3B10B656} = {E2239087-AC19-4FCA-82C4-33D60753D688}
		{7A630F7B-2F8E-41B4-8E1F-E16398AE16CB} = {E2239087-AC19-4FCA-82C4-33D60753D688}
		{29890350-06A8-480C-9EAA-986BB4E4DB2A} = {557D99F7-74AD-4A5D-A255-0743449E7F46}
		{75A1445F-25A3-459D-9030-0FE19C66393C} = {7B88F192-3CF0-4CEA-BF47-3AA1DC1C0736}
		{F1DDEA52-ED11-497E-AEE8-869E5959DDA3} = {97EC005C-88DC-4510-96E3-EB8E198FD456}
		{32D50483-E014-4926-84C7-5A95DADD3C6E} = {53476A45-B509-4A36-8742-AB8A10947333}
		{C50E9446-2654-45C6-A15D-C2AC3E560B3E} = {53476A45-B509-4A36-8742-AB8A10947333}
		{2A0D3013-94F5-425A-B283-61374CF7433A} = {53476A45-B509-4A36-8742-AB8A10947333}
		{53476A45-B509-4A36-8742-AB8A10947333} = {E2239087-AC19-4FCA-82C4-33D60753D688}
		{9E8B2EF4-1E75-4735-BD75-2B0EF5DF6FC1} = {53476A45-B509-4A36-8742-AB8A10947333}
		{B1984446-F497-4011-B09E-ACD06A171B96} = {E2239087-AC19-4FCA-82C4-33D60753D688}
		{4D0EAB21-F2AE-4650-9D6E-284F2143A6EB} = {E2239087-AC19-4FCA-82C4-33D60753D688}
		{97EC005C-88DC-4510-96E3-EB8E198FD456} = {E2239087-AC19-4FCA-82C4-33D60753D688}
		{A9470655-87D1-4CA2-8164-17B9E5BD1495} = {E2239087-AC19-4FCA-82C4-33D60753D688}
		{FB735992-6EAC-4C69-897D-AC0861C3C87B} = {E2239087-AC19-4FCA-82C4-33D60753D688}
		{8896447C-7738-4856-B2A3-BD625F927D21} = {E2239087-AC19-4FCA-82C4-33D60753D688}
		{0CE57D80-EDB2-40A6-8FC7-530B42BA9C4C} = {E2239087-AC19-4FCA-82C4-33D60753D688}
		{FC5F7889-0E75-4E1F-B601-66E65690CD4E} = {E2239087-AC19-4FCA-82C4-33D60753D688}
		{6A137183-9D0C-4823-9C88-CC8E2F05EDC5} = {E2239087-AC19-4FCA-82C4-33D60753D688}
	EndGlobalSection
	GlobalSection(ExtensibilityGlobals) = postSolution
		SolutionGuid = {081E96BF-0574-4A9D-86A7-982CDF05EBC9}
	EndGlobalSection
EndGlobal
