
Microsoft Visual Studio Solution File, Format Version 12.00
# Visual Studio Version 17
VisualStudioVersion = 17.8.34330.188
MinimumVisualStudioVersion = 10.0.40219.1
Project("{9A19103F-16F7-4668-BE54-9A1E7A4F7556}") = "CompanyEmployees", "CompanyEmployees\CompanyEmployees.csproj", "{AED2EF95-0976-4D12-95C0-7EE8C5DF0BEA}"
EndProject
Project("{2150E333-8FDC-42A3-9474-1A3956D46DE8}") = "Enterprise", "Enterprise", "{28D43253-C1A2-43FD-80E5-8F4E77F96B83}"
EndProject
Project("{9A19103F-16F7-4668-BE54-9A1E7A4F7556}") = "Enterprise.API", "..\src\Enterprise.API\Enterprise.API.csproj", "{FA9B7B9E-E1BA-4914-8E83-CC80D3D933BA}"
EndProject
Project("{9A19103F-16F7-4668-BE54-9A1E7A4F7556}") = "Enterprise.API.Client", "..\src\Enterprise.API.Client\Enterprise.API.Client.csproj", "{63176186-6879-4768-8983-7B8A42CD00C2}"
EndProject
Project("{9A19103F-16F7-4668-BE54-9A1E7A4F7556}") = "Enterprise.ApplicationServices", "..\src\Enterprise.ApplicationServices\Enterprise.ApplicationServices.csproj", "{6F12F366-EA3E-4D4E-A504-AE92084CEB6D}"
EndProject
Project("{9A19103F-16F7-4668-BE54-9A1E7A4F7556}") = "Enterprise.Core.Queries", "..\src\Enterprise.Core.Queries\Enterprise.Core.Queries.csproj", "{D7C42EFA-A0FE-4028-961F-E7DF373C47D8}"
EndProject
Project("{9A19103F-16F7-4668-BE54-9A1E7A4F7556}") = "Enterprise.DataShaping", "..\src\Enterprise.DataShaping\Enterprise.DataShaping.csproj", "{C36971EE-22C6-46AA-8465-4AB9A2E473DB}"
EndProject
Project("{9A19103F-16F7-4668-BE54-9A1E7A4F7556}") = "Enterprise.Events", "..\src\Enterprise.Events\Enterprise.Events.csproj", "{311F65FD-6EC7-474E-A437-F7626011C1AA}"
EndProject
Project("{9A19103F-16F7-4668-BE54-9A1E7A4F7556}") = "Enterprise.Hosting", "..\src\Enterprise.Hosting\Enterprise.Hosting.csproj", "{F4D68C3D-022A-4222-AFB5-7B120CEB282A}"
EndProject
Project("{9A19103F-16F7-4668-BE54-9A1E7A4F7556}") = "Enterprise.Library", "..\src\Enterprise.Library\Enterprise.Library.csproj", "{5B41D6EF-6658-4A1C-9C23-E9B8E3ED2A0F}"
EndProject
Project("{9A19103F-16F7-4668-BE54-9A1E7A4F7556}") = "Enterprise.Logging", "..\src\Enterprise.Logging\Enterprise.Logging.csproj", "{F9B51B9F-3BD8-4C38-8826-5DCCDE4F15B7}"
EndProject
Project("{9A19103F-16F7-4668-BE54-9A1E7A4F7556}") = "Enterprise.Middleware", "..\src\Enterprise.Middleware\Enterprise.Middleware.csproj", "{432FCD31-014A-4BA4-85DE-DB37D13BEF0C}"
EndProject
Project("{9A19103F-16F7-4668-BE54-9A1E7A4F7556}") = "Enterprise.Monitoring", "..\src\Enterprise.Monitoring\Enterprise.Monitoring.csproj", "{AB9C88C5-EDDF-480B-B148-792CC9481A15}"
EndProject
Project("{9A19103F-16F7-4668-BE54-9A1E7A4F7556}") = "Enterprise.Traceability", "..\src\Enterprise.Traceability\Enterprise.Traceability.csproj", "{78F1B45A-877D-44CF-99BB-9A8CD2DDB7FD}"
EndProject
Project("{9A19103F-16F7-4668-BE54-9A1E7A4F7556}") = "Enterprise.Sorting", "..\src\Enterprise.Sorting\Enterprise.Sorting.csproj", "{58C56830-205A-413C-871C-4104C04E3874}"
EndProject
Project("{9A19103F-16F7-4668-BE54-9A1E7A4F7556}") = "Enterprise.Sorting.Dynamic", "..\src\Enterprise.Sorting.Dynamic\Enterprise.Sorting.Dynamic.csproj", "{B4AC0F57-1340-4AF5-B316-B248E5406180}"
EndProject
Project("{9A19103F-16F7-4668-BE54-9A1E7A4F7556}") = "Enterprise.Constants", "..\src\Enterprise.Constants\Enterprise.Constants.csproj", "{DB3213F0-DAB2-4575-BCC7-BF473E3D9EEC}"
EndProject
Project("{9A19103F-16F7-4668-BE54-9A1E7A4F7556}") = "Enterprise.Applications.DotNet", "..\src\Enterprise.Applications.DotNet\Enterprise.Applications.DotNet.csproj", "{37365E49-A253-49E9-9F75-1FC0D4D97E53}"
EndProject
Project("{9A19103F-16F7-4668-BE54-9A1E7A4F7556}") = "Enterprise.Dapper", "..\src\Enterprise.Dapper\Enterprise.Dapper.csproj", "{FF4A3916-67D3-4878-A1F0-038C22AFABED}"
EndProject
Project("{9A19103F-16F7-4668-BE54-9A1E7A4F7556}") = "Enterprise.DI.DotNet", "..\src\Enterprise.DI.DotNet\Enterprise.DI.DotNet.csproj", "{800A90F7-B15E-4CFD-B0BA-4AFE3D35DF24}"
EndProject
Project("{9A19103F-16F7-4668-BE54-9A1E7A4F7556}") = "Enterprise.EntityFramework", "..\src\Enterprise.EntityFramework\Enterprise.EntityFramework.csproj", "{7D5FD665-0485-4EFB-B30C-47384AECB018}"
EndProject
Project("{9A19103F-16F7-4668-BE54-9A1E7A4F7556}") = "Enterprise.Mapping", "..\src\Enterprise.Mapping\Enterprise.Mapping.csproj", "{19917873-07DA-4C41-9EB3-42DA129B80DE}"
EndProject
Project("{9A19103F-16F7-4668-BE54-9A1E7A4F7556}") = "Enterprise.Reflection", "..\src\Enterprise.Reflection\Enterprise.Reflection.csproj", "{297EE382-AFBB-4200-874F-799FE1572557}"
EndProject
Project("{9A19103F-16F7-4668-BE54-9A1E7A4F7556}") = "Enterprise.RegularExpressions", "..\src\Enterprise.RegularExpressions\Enterprise.RegularExpressions.csproj", "{09142F69-9021-43DA-BED5-680FD3DFF4A8}"
EndProject
Project("{9A19103F-16F7-4668-BE54-9A1E7A4F7556}") = "Enterprise.Security", "..\src\Enterprise.Security\Enterprise.Security.csproj", "{0CA6F7E1-AEFA-44B3-9624-50793237D2B1}"
EndProject
Project("{9A19103F-16F7-4668-BE54-9A1E7A4F7556}") = "Enterprise.Security.Authorization", "..\src\Enterprise.Security.Authorization\Enterprise.Security.Authorization.csproj", "{D504562A-CD40-4ED0-9A4A-C4DFC0E5B88D}"
EndProject
Project("{9A19103F-16F7-4668-BE54-9A1E7A4F7556}") = "Enterprise.Sqlite", "..\src\Enterprise.Sqlite\Enterprise.Sqlite.csproj", "{DBC59660-E5AD-4491-B427-91BE5B970490}"
EndProject
Project("{9A19103F-16F7-4668-BE54-9A1E7A4F7556}") = "Enterprise.Testing", "..\src\Enterprise.Testing\Enterprise.Testing.csproj", "{67B5BEC6-82F4-45FA-A7A0-DFD37DA871DF}"
EndProject
Project("{9A19103F-16F7-4668-BE54-9A1E7A4F7556}") = "Enterprise.TextEncoding", "..\src\Enterprise.TextEncoding\Enterprise.TextEncoding.csproj", "{9194CCE5-4200-4211-B2C1-D63583FF7AB1}"
EndProject
Project("{FAE04EC0-301F-11D3-BF4B-00C04F79EFBC}") = "Contracts", "Contracts\Contracts.csproj", "{78D33B7A-B0A9-4C4C-A013-776D9E612467}"
EndProject
Project("{FAE04EC0-301F-11D3-BF4B-00C04F79EFBC}") = "LoggerService", "LoggerService\LoggerService.csproj", "{CAA180A0-0C79-48B2-ABB0-014B7C9419EB}"
EndProject
Project("{FAE04EC0-301F-11D3-BF4B-00C04F79EFBC}") = "Enterprise.Logging.NLog", "..\src\Enterprise.Logging.NLog\Enterprise.Logging.NLog.csproj", "{97CA4175-1CAF-41A5-8104-AEA2B551FBDD}"
EndProject
Project("{FAE04EC0-301F-11D3-BF4B-00C04F79EFBC}") = "Enterprise.Logging.Serilog", "..\src\Enterprise.Logging.Serilog\Enterprise.Logging.Serilog.csproj", "{807AA6B3-BD4C-418A-9B6A-F1A19E2A601A}"
EndProject
Project("{FAE04EC0-301F-11D3-BF4B-00C04F79EFBC}") = "Entities", "Entities\Entities.csproj", "{0BB05777-6CA0-484F-8C2E-3C1607DB2B57}"
EndProject
Project("{FAE04EC0-301F-11D3-BF4B-00C04F79EFBC}") = "Repository", "Repository\Repository.csproj", "{E2F0D269-8D15-45BA-84B9-A2329D450942}"
EndProject
Project("{FAE04EC0-301F-11D3-BF4B-00C04F79EFBC}") = "Service.Contracts", "Service.Contracts\Service.Contracts.csproj", "{DEF6A409-FFFD-4453-85A6-96DF17C852FA}"
EndProject
Project("{FAE04EC0-301F-11D3-BF4B-00C04F79EFBC}") = "Service", "Service\Service.csproj", "{2D23165F-0025-44F9-8FE6-6C802420215F}"
EndProject
Project("{FAE04EC0-301F-11D3-BF4B-00C04F79EFBC}") = "CompanyEmployees.Presentation", "CompanyEmployees.Presentation\CompanyEmployees.Presentation.csproj", "{CA72D6FE-9DE0-4070-999C-BB673C7645A6}"
EndProject
Global
	GlobalSection(SolutionConfigurationPlatforms) = preSolution
		Debug|Any CPU = Debug|Any CPU
		Release|Any CPU = Release|Any CPU
	EndGlobalSection
	GlobalSection(ProjectConfigurationPlatforms) = postSolution
		{AED2EF95-0976-4D12-95C0-7EE8C5DF0BEA}.Debug|Any CPU.ActiveCfg = Debug|Any CPU
		{AED2EF95-0976-4D12-95C0-7EE8C5DF0BEA}.Debug|Any CPU.Build.0 = Debug|Any CPU
		{AED2EF95-0976-4D12-95C0-7EE8C5DF0BEA}.Release|Any CPU.ActiveCfg = Release|Any CPU
		{AED2EF95-0976-4D12-95C0-7EE8C5DF0BEA}.Release|Any CPU.Build.0 = Release|Any CPU
		{FA9B7B9E-E1BA-4914-8E83-CC80D3D933BA}.Debug|Any CPU.ActiveCfg = Debug|Any CPU
		{FA9B7B9E-E1BA-4914-8E83-CC80D3D933BA}.Debug|Any CPU.Build.0 = Debug|Any CPU
		{FA9B7B9E-E1BA-4914-8E83-CC80D3D933BA}.Release|Any CPU.ActiveCfg = Release|Any CPU
		{FA9B7B9E-E1BA-4914-8E83-CC80D3D933BA}.Release|Any CPU.Build.0 = Release|Any CPU
		{63176186-6879-4768-8983-7B8A42CD00C2}.Debug|Any CPU.ActiveCfg = Debug|Any CPU
		{63176186-6879-4768-8983-7B8A42CD00C2}.Debug|Any CPU.Build.0 = Debug|Any CPU
		{63176186-6879-4768-8983-7B8A42CD00C2}.Release|Any CPU.ActiveCfg = Release|Any CPU
		{63176186-6879-4768-8983-7B8A42CD00C2}.Release|Any CPU.Build.0 = Release|Any CPU
		{6F12F366-EA3E-4D4E-A504-AE92084CEB6D}.Debug|Any CPU.ActiveCfg = Debug|Any CPU
		{6F12F366-EA3E-4D4E-A504-AE92084CEB6D}.Debug|Any CPU.Build.0 = Debug|Any CPU
		{6F12F366-EA3E-4D4E-A504-AE92084CEB6D}.Release|Any CPU.ActiveCfg = Release|Any CPU
		{6F12F366-EA3E-4D4E-A504-AE92084CEB6D}.Release|Any CPU.Build.0 = Release|Any CPU
		{D7C42EFA-A0FE-4028-961F-E7DF373C47D8}.Debug|Any CPU.ActiveCfg = Debug|Any CPU
		{D7C42EFA-A0FE-4028-961F-E7DF373C47D8}.Debug|Any CPU.Build.0 = Debug|Any CPU
		{D7C42EFA-A0FE-4028-961F-E7DF373C47D8}.Release|Any CPU.ActiveCfg = Release|Any CPU
		{D7C42EFA-A0FE-4028-961F-E7DF373C47D8}.Release|Any CPU.Build.0 = Release|Any CPU
		{C36971EE-22C6-46AA-8465-4AB9A2E473DB}.Debug|Any CPU.ActiveCfg = Debug|Any CPU
		{C36971EE-22C6-46AA-8465-4AB9A2E473DB}.Debug|Any CPU.Build.0 = Debug|Any CPU
		{C36971EE-22C6-46AA-8465-4AB9A2E473DB}.Release|Any CPU.ActiveCfg = Release|Any CPU
		{C36971EE-22C6-46AA-8465-4AB9A2E473DB}.Release|Any CPU.Build.0 = Release|Any CPU
		{311F65FD-6EC7-474E-A437-F7626011C1AA}.Debug|Any CPU.ActiveCfg = Debug|Any CPU
		{311F65FD-6EC7-474E-A437-F7626011C1AA}.Debug|Any CPU.Build.0 = Debug|Any CPU
		{311F65FD-6EC7-474E-A437-F7626011C1AA}.Release|Any CPU.ActiveCfg = Release|Any CPU
		{311F65FD-6EC7-474E-A437-F7626011C1AA}.Release|Any CPU.Build.0 = Release|Any CPU
		{F4D68C3D-022A-4222-AFB5-7B120CEB282A}.Debug|Any CPU.ActiveCfg = Debug|Any CPU
		{F4D68C3D-022A-4222-AFB5-7B120CEB282A}.Debug|Any CPU.Build.0 = Debug|Any CPU
		{F4D68C3D-022A-4222-AFB5-7B120CEB282A}.Release|Any CPU.ActiveCfg = Release|Any CPU
		{F4D68C3D-022A-4222-AFB5-7B120CEB282A}.Release|Any CPU.Build.0 = Release|Any CPU
		{5B41D6EF-6658-4A1C-9C23-E9B8E3ED2A0F}.Debug|Any CPU.ActiveCfg = Debug|Any CPU
		{5B41D6EF-6658-4A1C-9C23-E9B8E3ED2A0F}.Debug|Any CPU.Build.0 = Debug|Any CPU
		{5B41D6EF-6658-4A1C-9C23-E9B8E3ED2A0F}.Release|Any CPU.ActiveCfg = Release|Any CPU
		{5B41D6EF-6658-4A1C-9C23-E9B8E3ED2A0F}.Release|Any CPU.Build.0 = Release|Any CPU
		{F9B51B9F-3BD8-4C38-8826-5DCCDE4F15B7}.Debug|Any CPU.ActiveCfg = Debug|Any CPU
		{F9B51B9F-3BD8-4C38-8826-5DCCDE4F15B7}.Debug|Any CPU.Build.0 = Debug|Any CPU
		{F9B51B9F-3BD8-4C38-8826-5DCCDE4F15B7}.Release|Any CPU.ActiveCfg = Release|Any CPU
		{F9B51B9F-3BD8-4C38-8826-5DCCDE4F15B7}.Release|Any CPU.Build.0 = Release|Any CPU
		{432FCD31-014A-4BA4-85DE-DB37D13BEF0C}.Debug|Any CPU.ActiveCfg = Debug|Any CPU
		{432FCD31-014A-4BA4-85DE-DB37D13BEF0C}.Debug|Any CPU.Build.0 = Debug|Any CPU
		{432FCD31-014A-4BA4-85DE-DB37D13BEF0C}.Release|Any CPU.ActiveCfg = Release|Any CPU
		{432FCD31-014A-4BA4-85DE-DB37D13BEF0C}.Release|Any CPU.Build.0 = Release|Any CPU
		{AB9C88C5-EDDF-480B-B148-792CC9481A15}.Debug|Any CPU.ActiveCfg = Debug|Any CPU
		{AB9C88C5-EDDF-480B-B148-792CC9481A15}.Debug|Any CPU.Build.0 = Debug|Any CPU
		{AB9C88C5-EDDF-480B-B148-792CC9481A15}.Release|Any CPU.ActiveCfg = Release|Any CPU
		{AB9C88C5-EDDF-480B-B148-792CC9481A15}.Release|Any CPU.Build.0 = Release|Any CPU
		{78F1B45A-877D-44CF-99BB-9A8CD2DDB7FD}.Debug|Any CPU.ActiveCfg = Debug|Any CPU
		{78F1B45A-877D-44CF-99BB-9A8CD2DDB7FD}.Debug|Any CPU.Build.0 = Debug|Any CPU
		{78F1B45A-877D-44CF-99BB-9A8CD2DDB7FD}.Release|Any CPU.ActiveCfg = Release|Any CPU
		{78F1B45A-877D-44CF-99BB-9A8CD2DDB7FD}.Release|Any CPU.Build.0 = Release|Any CPU
		{58C56830-205A-413C-871C-4104C04E3874}.Debug|Any CPU.ActiveCfg = Debug|Any CPU
		{58C56830-205A-413C-871C-4104C04E3874}.Debug|Any CPU.Build.0 = Debug|Any CPU
		{58C56830-205A-413C-871C-4104C04E3874}.Release|Any CPU.ActiveCfg = Release|Any CPU
		{58C56830-205A-413C-871C-4104C04E3874}.Release|Any CPU.Build.0 = Release|Any CPU
		{B4AC0F57-1340-4AF5-B316-B248E5406180}.Debug|Any CPU.ActiveCfg = Debug|Any CPU
		{B4AC0F57-1340-4AF5-B316-B248E5406180}.Debug|Any CPU.Build.0 = Debug|Any CPU
		{B4AC0F57-1340-4AF5-B316-B248E5406180}.Release|Any CPU.ActiveCfg = Release|Any CPU
		{B4AC0F57-1340-4AF5-B316-B248E5406180}.Release|Any CPU.Build.0 = Release|Any CPU
		{DB3213F0-DAB2-4575-BCC7-BF473E3D9EEC}.Debug|Any CPU.ActiveCfg = Debug|Any CPU
		{DB3213F0-DAB2-4575-BCC7-BF473E3D9EEC}.Debug|Any CPU.Build.0 = Debug|Any CPU
		{DB3213F0-DAB2-4575-BCC7-BF473E3D9EEC}.Release|Any CPU.ActiveCfg = Release|Any CPU
		{DB3213F0-DAB2-4575-BCC7-BF473E3D9EEC}.Release|Any CPU.Build.0 = Release|Any CPU
		{37365E49-A253-49E9-9F75-1FC0D4D97E53}.Debug|Any CPU.ActiveCfg = Debug|Any CPU
		{37365E49-A253-49E9-9F75-1FC0D4D97E53}.Debug|Any CPU.Build.0 = Debug|Any CPU
		{37365E49-A253-49E9-9F75-1FC0D4D97E53}.Release|Any CPU.ActiveCfg = Release|Any CPU
		{37365E49-A253-49E9-9F75-1FC0D4D97E53}.Release|Any CPU.Build.0 = Release|Any CPU
		{FF4A3916-67D3-4878-A1F0-038C22AFABED}.Debug|Any CPU.ActiveCfg = Debug|Any CPU
		{FF4A3916-67D3-4878-A1F0-038C22AFABED}.Debug|Any CPU.Build.0 = Debug|Any CPU
		{FF4A3916-67D3-4878-A1F0-038C22AFABED}.Release|Any CPU.ActiveCfg = Release|Any CPU
		{FF4A3916-67D3-4878-A1F0-038C22AFABED}.Release|Any CPU.Build.0 = Release|Any CPU
		{800A90F7-B15E-4CFD-B0BA-4AFE3D35DF24}.Debug|Any CPU.ActiveCfg = Debug|Any CPU
		{800A90F7-B15E-4CFD-B0BA-4AFE3D35DF24}.Debug|Any CPU.Build.0 = Debug|Any CPU
		{800A90F7-B15E-4CFD-B0BA-4AFE3D35DF24}.Release|Any CPU.ActiveCfg = Release|Any CPU
		{800A90F7-B15E-4CFD-B0BA-4AFE3D35DF24}.Release|Any CPU.Build.0 = Release|Any CPU
		{7D5FD665-0485-4EFB-B30C-47384AECB018}.Debug|Any CPU.ActiveCfg = Debug|Any CPU
		{7D5FD665-0485-4EFB-B30C-47384AECB018}.Debug|Any CPU.Build.0 = Debug|Any CPU
		{7D5FD665-0485-4EFB-B30C-47384AECB018}.Release|Any CPU.ActiveCfg = Release|Any CPU
		{7D5FD665-0485-4EFB-B30C-47384AECB018}.Release|Any CPU.Build.0 = Release|Any CPU
		{19917873-07DA-4C41-9EB3-42DA129B80DE}.Debug|Any CPU.ActiveCfg = Debug|Any CPU
		{19917873-07DA-4C41-9EB3-42DA129B80DE}.Debug|Any CPU.Build.0 = Debug|Any CPU
		{19917873-07DA-4C41-9EB3-42DA129B80DE}.Release|Any CPU.ActiveCfg = Release|Any CPU
		{19917873-07DA-4C41-9EB3-42DA129B80DE}.Release|Any CPU.Build.0 = Release|Any CPU
		{297EE382-AFBB-4200-874F-799FE1572557}.Debug|Any CPU.ActiveCfg = Debug|Any CPU
		{297EE382-AFBB-4200-874F-799FE1572557}.Debug|Any CPU.Build.0 = Debug|Any CPU
		{297EE382-AFBB-4200-874F-799FE1572557}.Release|Any CPU.ActiveCfg = Release|Any CPU
		{297EE382-AFBB-4200-874F-799FE1572557}.Release|Any CPU.Build.0 = Release|Any CPU
		{09142F69-9021-43DA-BED5-680FD3DFF4A8}.Debug|Any CPU.ActiveCfg = Debug|Any CPU
		{09142F69-9021-43DA-BED5-680FD3DFF4A8}.Debug|Any CPU.Build.0 = Debug|Any CPU
		{09142F69-9021-43DA-BED5-680FD3DFF4A8}.Release|Any CPU.ActiveCfg = Release|Any CPU
		{09142F69-9021-43DA-BED5-680FD3DFF4A8}.Release|Any CPU.Build.0 = Release|Any CPU
		{0CA6F7E1-AEFA-44B3-9624-50793237D2B1}.Debug|Any CPU.ActiveCfg = Debug|Any CPU
		{0CA6F7E1-AEFA-44B3-9624-50793237D2B1}.Debug|Any CPU.Build.0 = Debug|Any CPU
		{0CA6F7E1-AEFA-44B3-9624-50793237D2B1}.Release|Any CPU.ActiveCfg = Release|Any CPU
		{0CA6F7E1-AEFA-44B3-9624-50793237D2B1}.Release|Any CPU.Build.0 = Release|Any CPU
		{D504562A-CD40-4ED0-9A4A-C4DFC0E5B88D}.Debug|Any CPU.ActiveCfg = Debug|Any CPU
		{D504562A-CD40-4ED0-9A4A-C4DFC0E5B88D}.Debug|Any CPU.Build.0 = Debug|Any CPU
		{D504562A-CD40-4ED0-9A4A-C4DFC0E5B88D}.Release|Any CPU.ActiveCfg = Release|Any CPU
		{D504562A-CD40-4ED0-9A4A-C4DFC0E5B88D}.Release|Any CPU.Build.0 = Release|Any CPU
		{DBC59660-E5AD-4491-B427-91BE5B970490}.Debug|Any CPU.ActiveCfg = Debug|Any CPU
		{DBC59660-E5AD-4491-B427-91BE5B970490}.Debug|Any CPU.Build.0 = Debug|Any CPU
		{DBC59660-E5AD-4491-B427-91BE5B970490}.Release|Any CPU.ActiveCfg = Release|Any CPU
		{DBC59660-E5AD-4491-B427-91BE5B970490}.Release|Any CPU.Build.0 = Release|Any CPU
		{67B5BEC6-82F4-45FA-A7A0-DFD37DA871DF}.Debug|Any CPU.ActiveCfg = Debug|Any CPU
		{67B5BEC6-82F4-45FA-A7A0-DFD37DA871DF}.Debug|Any CPU.Build.0 = Debug|Any CPU
		{67B5BEC6-82F4-45FA-A7A0-DFD37DA871DF}.Release|Any CPU.ActiveCfg = Release|Any CPU
		{67B5BEC6-82F4-45FA-A7A0-DFD37DA871DF}.Release|Any CPU.Build.0 = Release|Any CPU
		{9194CCE5-4200-4211-B2C1-D63583FF7AB1}.Debug|Any CPU.ActiveCfg = Debug|Any CPU
		{9194CCE5-4200-4211-B2C1-D63583FF7AB1}.Debug|Any CPU.Build.0 = Debug|Any CPU
		{9194CCE5-4200-4211-B2C1-D63583FF7AB1}.Release|Any CPU.ActiveCfg = Release|Any CPU
		{9194CCE5-4200-4211-B2C1-D63583FF7AB1}.Release|Any CPU.Build.0 = Release|Any CPU
		{78D33B7A-B0A9-4C4C-A013-776D9E612467}.Debug|Any CPU.ActiveCfg = Debug|Any CPU
		{78D33B7A-B0A9-4C4C-A013-776D9E612467}.Debug|Any CPU.Build.0 = Debug|Any CPU
		{78D33B7A-B0A9-4C4C-A013-776D9E612467}.Release|Any CPU.ActiveCfg = Release|Any CPU
		{78D33B7A-B0A9-4C4C-A013-776D9E612467}.Release|Any CPU.Build.0 = Release|Any CPU
		{CAA180A0-0C79-48B2-ABB0-014B7C9419EB}.Debug|Any CPU.ActiveCfg = Debug|Any CPU
		{CAA180A0-0C79-48B2-ABB0-014B7C9419EB}.Debug|Any CPU.Build.0 = Debug|Any CPU
		{CAA180A0-0C79-48B2-ABB0-014B7C9419EB}.Release|Any CPU.ActiveCfg = Release|Any CPU
		{CAA180A0-0C79-48B2-ABB0-014B7C9419EB}.Release|Any CPU.Build.0 = Release|Any CPU
		{97CA4175-1CAF-41A5-8104-AEA2B551FBDD}.Debug|Any CPU.ActiveCfg = Debug|Any CPU
		{97CA4175-1CAF-41A5-8104-AEA2B551FBDD}.Debug|Any CPU.Build.0 = Debug|Any CPU
		{97CA4175-1CAF-41A5-8104-AEA2B551FBDD}.Release|Any CPU.ActiveCfg = Release|Any CPU
		{97CA4175-1CAF-41A5-8104-AEA2B551FBDD}.Release|Any CPU.Build.0 = Release|Any CPU
		{807AA6B3-BD4C-418A-9B6A-F1A19E2A601A}.Debug|Any CPU.ActiveCfg = Debug|Any CPU
		{807AA6B3-BD4C-418A-9B6A-F1A19E2A601A}.Debug|Any CPU.Build.0 = Debug|Any CPU
		{807AA6B3-BD4C-418A-9B6A-F1A19E2A601A}.Release|Any CPU.ActiveCfg = Release|Any CPU
		{807AA6B3-BD4C-418A-9B6A-F1A19E2A601A}.Release|Any CPU.Build.0 = Release|Any CPU
		{0BB05777-6CA0-484F-8C2E-3C1607DB2B57}.Debug|Any CPU.ActiveCfg = Debug|Any CPU
		{0BB05777-6CA0-484F-8C2E-3C1607DB2B57}.Debug|Any CPU.Build.0 = Debug|Any CPU
		{0BB05777-6CA0-484F-8C2E-3C1607DB2B57}.Release|Any CPU.ActiveCfg = Release|Any CPU
		{0BB05777-6CA0-484F-8C2E-3C1607DB2B57}.Release|Any CPU.Build.0 = Release|Any CPU
		{E2F0D269-8D15-45BA-84B9-A2329D450942}.Debug|Any CPU.ActiveCfg = Debug|Any CPU
		{E2F0D269-8D15-45BA-84B9-A2329D450942}.Debug|Any CPU.Build.0 = Debug|Any CPU
		{E2F0D269-8D15-45BA-84B9-A2329D450942}.Release|Any CPU.ActiveCfg = Release|Any CPU
		{E2F0D269-8D15-45BA-84B9-A2329D450942}.Release|Any CPU.Build.0 = Release|Any CPU
		{DEF6A409-FFFD-4453-85A6-96DF17C852FA}.Debug|Any CPU.ActiveCfg = Debug|Any CPU
		{DEF6A409-FFFD-4453-85A6-96DF17C852FA}.Debug|Any CPU.Build.0 = Debug|Any CPU
		{DEF6A409-FFFD-4453-85A6-96DF17C852FA}.Release|Any CPU.ActiveCfg = Release|Any CPU
		{DEF6A409-FFFD-4453-85A6-96DF17C852FA}.Release|Any CPU.Build.0 = Release|Any CPU
		{2D23165F-0025-44F9-8FE6-6C802420215F}.Debug|Any CPU.ActiveCfg = Debug|Any CPU
		{2D23165F-0025-44F9-8FE6-6C802420215F}.Debug|Any CPU.Build.0 = Debug|Any CPU
		{2D23165F-0025-44F9-8FE6-6C802420215F}.Release|Any CPU.ActiveCfg = Release|Any CPU
		{2D23165F-0025-44F9-8FE6-6C802420215F}.Release|Any CPU.Build.0 = Release|Any CPU
		{CA72D6FE-9DE0-4070-999C-BB673C7645A6}.Debug|Any CPU.ActiveCfg = Debug|Any CPU
		{CA72D6FE-9DE0-4070-999C-BB673C7645A6}.Debug|Any CPU.Build.0 = Debug|Any CPU
		{CA72D6FE-9DE0-4070-999C-BB673C7645A6}.Release|Any CPU.ActiveCfg = Release|Any CPU
		{CA72D6FE-9DE0-4070-999C-BB673C7645A6}.Release|Any CPU.Build.0 = Release|Any CPU
	EndGlobalSection
	GlobalSection(SolutionProperties) = preSolution
		HideSolutionNode = FALSE
	EndGlobalSection
	GlobalSection(NestedProjects) = preSolution
		{FA9B7B9E-E1BA-4914-8E83-CC80D3D933BA} = {28D43253-C1A2-43FD-80E5-8F4E77F96B83}
		{63176186-6879-4768-8983-7B8A42CD00C2} = {28D43253-C1A2-43FD-80E5-8F4E77F96B83}
		{6F12F366-EA3E-4D4E-A504-AE92084CEB6D} = {28D43253-C1A2-43FD-80E5-8F4E77F96B83}
		{D7C42EFA-A0FE-4028-961F-E7DF373C47D8} = {28D43253-C1A2-43FD-80E5-8F4E77F96B83}
		{C36971EE-22C6-46AA-8465-4AB9A2E473DB} = {28D43253-C1A2-43FD-80E5-8F4E77F96B83}
		{311F65FD-6EC7-474E-A437-F7626011C1AA} = {28D43253-C1A2-43FD-80E5-8F4E77F96B83}
		{F4D68C3D-022A-4222-AFB5-7B120CEB282A} = {28D43253-C1A2-43FD-80E5-8F4E77F96B83}
		{5B41D6EF-6658-4A1C-9C23-E9B8E3ED2A0F} = {28D43253-C1A2-43FD-80E5-8F4E77F96B83}
		{F9B51B9F-3BD8-4C38-8826-5DCCDE4F15B7} = {28D43253-C1A2-43FD-80E5-8F4E77F96B83}
		{432FCD31-014A-4BA4-85DE-DB37D13BEF0C} = {28D43253-C1A2-43FD-80E5-8F4E77F96B83}
		{AB9C88C5-EDDF-480B-B148-792CC9481A15} = {28D43253-C1A2-43FD-80E5-8F4E77F96B83}
		{78F1B45A-877D-44CF-99BB-9A8CD2DDB7FD} = {28D43253-C1A2-43FD-80E5-8F4E77F96B83}
		{58C56830-205A-413C-871C-4104C04E3874} = {28D43253-C1A2-43FD-80E5-8F4E77F96B83}
		{B4AC0F57-1340-4AF5-B316-B248E5406180} = {28D43253-C1A2-43FD-80E5-8F4E77F96B83}
		{DB3213F0-DAB2-4575-BCC7-BF473E3D9EEC} = {28D43253-C1A2-43FD-80E5-8F4E77F96B83}
		{37365E49-A253-49E9-9F75-1FC0D4D97E53} = {28D43253-C1A2-43FD-80E5-8F4E77F96B83}
		{FF4A3916-67D3-4878-A1F0-038C22AFABED} = {28D43253-C1A2-43FD-80E5-8F4E77F96B83}
		{800A90F7-B15E-4CFD-B0BA-4AFE3D35DF24} = {28D43253-C1A2-43FD-80E5-8F4E77F96B83}
		{7D5FD665-0485-4EFB-B30C-47384AECB018} = {28D43253-C1A2-43FD-80E5-8F4E77F96B83}
		{19917873-07DA-4C41-9EB3-42DA129B80DE} = {28D43253-C1A2-43FD-80E5-8F4E77F96B83}
		{297EE382-AFBB-4200-874F-799FE1572557} = {28D43253-C1A2-43FD-80E5-8F4E77F96B83}
		{09142F69-9021-43DA-BED5-680FD3DFF4A8} = {28D43253-C1A2-43FD-80E5-8F4E77F96B83}
		{0CA6F7E1-AEFA-44B3-9624-50793237D2B1} = {28D43253-C1A2-43FD-80E5-8F4E77F96B83}
		{D504562A-CD40-4ED0-9A4A-C4DFC0E5B88D} = {28D43253-C1A2-43FD-80E5-8F4E77F96B83}
		{DBC59660-E5AD-4491-B427-91BE5B970490} = {28D43253-C1A2-43FD-80E5-8F4E77F96B83}
		{67B5BEC6-82F4-45FA-A7A0-DFD37DA871DF} = {28D43253-C1A2-43FD-80E5-8F4E77F96B83}
		{9194CCE5-4200-4211-B2C1-D63583FF7AB1} = {28D43253-C1A2-43FD-80E5-8F4E77F96B83}
		{97CA4175-1CAF-41A5-8104-AEA2B551FBDD} = {28D43253-C1A2-43FD-80E5-8F4E77F96B83}
		{807AA6B3-BD4C-418A-9B6A-F1A19E2A601A} = {28D43253-C1A2-43FD-80E5-8F4E77F96B83}
	EndGlobalSection
	GlobalSection(ExtensibilityGlobals) = postSolution
		SolutionGuid = {7822504B-D3F8-4036-92B1-7542C4799F32}
	EndGlobalSection
EndGlobal
